// !$*UTF8*$!
{
	archiveVersion = 1;
	classes = {
	};
	objectVersion = 56;
	objects = {

/* Begin PBXBuildFile section */
		F53D790C2A00B5CB00CBFAD1 /* CloudKit.framework in Frameworks */ = {isa = PBXBuildFile; fileRef = F53D790B2A00B5CB00CBFAD1 /* CloudKit.framework */; };
		F53D790F2A03FA8200CBFAD1 /* LottieSwiftUI in Frameworks */ = {isa = PBXBuildFile; platformFilter = ios; productRef = F53D790E2A03FA8200CBFAD1 /* LottieSwiftUI */; };
		F53D79172A062AE500CBFAD1 /* KeyboardViewController.swift in Sources */ = {isa = PBXBuildFile; fileRef = F53D79162A062AE500CBFAD1 /* KeyboardViewController.swift */; };
		F53D791B2A062AE500CBFAD1 /* Keyboard.appex in Embed Foundation Extensions */ = {isa = PBXBuildFile; fileRef = F53D79142A062AE500CBFAD1 /* Keyboard.appex */; platformFilter = ios; settings = {ATTRIBUTES = (RemoveHeadersOnCopy, ); }; };
		F53D79202A0BCA1F00CBFAD1 /* KeyboardView.swift in Sources */ = {isa = PBXBuildFile; fileRef = F53D791F2A0BCA1F00CBFAD1 /* KeyboardView.swift */; };
		F543A92529C44131000C61B5 /* SplashCodeSyntaxHighlighter.swift in Sources */ = {isa = PBXBuildFile; fileRef = F543A92429C44131000C61B5 /* SplashCodeSyntaxHighlighter.swift */; };
		F543A92729C444AC000C61B5 /* AcknowledgmentView.swift in Sources */ = {isa = PBXBuildFile; fileRef = F543A92629C444AC000C61B5 /* AcknowledgmentView.swift */; };
		F543A92929C46BE8000C61B5 /* SymbolVariantSelector.swift in Sources */ = {isa = PBXBuildFile; fileRef = F543A92829C46BE8000C61B5 /* SymbolVariantSelector.swift */; };
		F543A92D29C53749000C61B5 /* ProFeature.swift in Sources */ = {isa = PBXBuildFile; fileRef = F543A92C29C53749000C61B5 /* ProFeature.swift */; };
		F55B65B229ED0D4900F93F6D /* ClaudeAdapter.swift in Sources */ = {isa = PBXBuildFile; fileRef = F55B65B129ED0D4900F93F6D /* ClaudeAdapter.swift */; };
		F55B65B429EFC5C900F93F6D /* ClaudeAdapter.swift in Sources */ = {isa = PBXBuildFile; fileRef = F55B65B129ED0D4900F93F6D /* ClaudeAdapter.swift */; };
		F55B65B629EFD33A00F93F6D /* Clipboard.swift in Sources */ = {isa = PBXBuildFile; fileRef = F55B65B529EFD33A00F93F6D /* Clipboard.swift */; };
		F55B65B729EFD33A00F93F6D /* Clipboard.swift in Sources */ = {isa = PBXBuildFile; fileRef = F55B65B529EFD33A00F93F6D /* Clipboard.swift */; };
		F567A31929D6935D00057582 /* HostingShareViewController.swift in Sources */ = {isa = PBXBuildFile; fileRef = F567A31829D6935D00057582 /* HostingShareViewController.swift */; };
		F567A32029D6935D00057582 /* Share.appex in Embed Foundation Extensions */ = {isa = PBXBuildFile; fileRef = F567A31629D6935D00057582 /* Share.appex */; platformFilter = ios; settings = {ATTRIBUTES = (RemoveHeadersOnCopy, ); }; };
		F567A32629D693EC00057582 /* ShareView.swift in Sources */ = {isa = PBXBuildFile; fileRef = F567A32529D693EC00057582 /* ShareView.swift */; };
		F567A33529D6C99900057582 /* Color+Extensions.swift in Sources */ = {isa = PBXBuildFile; fileRef = F5E47ECE29B498290083BB31 /* Color+Extensions.swift */; };
		F567A33629D6C9C900057582 /* Assets.xcassets in Resources */ = {isa = PBXBuildFile; fileRef = F5E47E9C29B497A60083BB31 /* Assets.xcassets */; };
		F567A33C29D6CD9000057582 /* Message+CoreDataClass.swift in Sources */ = {isa = PBXBuildFile; fileRef = F5E47EC629B497FB0083BB31 /* Message+CoreDataClass.swift */; };
		F567A33D29D6CD9000057582 /* Chat+CoreDataProperties.swift in Sources */ = {isa = PBXBuildFile; fileRef = F5E47EC929B497FB0083BB31 /* Chat+CoreDataProperties.swift */; };
		F567A33E29D6CD9000057582 /* Message+CoreDataProperties.swift in Sources */ = {isa = PBXBuildFile; fileRef = F5E47EC729B497FB0083BB31 /* Message+CoreDataProperties.swift */; };
		F567A33F29D6CD9000057582 /* Chat+CoreDataClass.swift in Sources */ = {isa = PBXBuildFile; fileRef = F5E47EC829B497FB0083BB31 /* Chat+CoreDataClass.swift */; };
		F567A34529D6CF5F00057582 /* GPT3 Tokenizer in Frameworks */ = {isa = PBXBuildFile; productRef = F567A34429D6CF5F00057582 /* GPT3 Tokenizer */; };
		F567A34729D6CF6300057582 /* LDSwiftEventSource in Frameworks */ = {isa = PBXBuildFile; productRef = F567A34629D6CF6300057582 /* LDSwiftEventSource */; };
		F567A34829D6D4E000057582 /* AssisChat.xcdatamodeld in Sources */ = {isa = PBXBuildFile; fileRef = F5E47E9729B497A60083BB31 /* AssisChat.xcdatamodeld */; };
		F567A34B29D6DC4C00057582 /* Haptics.swift in Sources */ = {isa = PBXBuildFile; fileRef = F5E47EE129B49D0E0083BB31 /* Haptics.swift */; };
		F574CB002A3321AE002AA67C /* SwiftSoup in Frameworks */ = {isa = PBXBuildFile; productRef = F574CAFF2A3321AE002AA67C /* SwiftSoup */; };
		F5779EE529B8246800CC70B0 /* Splash in Frameworks */ = {isa = PBXBuildFile; productRef = F5779EE429B8246800CC70B0 /* Splash */; };
		F58E539B29DBF7380022E979 /* AppGroup.swift in Sources */ = {isa = PBXBuildFile; fileRef = F58E539A29DBF7380022E979 /* AppGroup.swift */; };
		F58E539C29DBF7950022E979 /* AppGroup.swift in Sources */ = {isa = PBXBuildFile; fileRef = F58E539A29DBF7380022E979 /* AppGroup.swift */; };
		F58E539E29DBF7C50022E979 /* SharedUserDefaults.swift in Sources */ = {isa = PBXBuildFile; fileRef = F58E539D29DBF7C50022E979 /* SharedUserDefaults.swift */; };
		F58E539F29DBF9530022E979 /* SharedUserDefaults.swift in Sources */ = {isa = PBXBuildFile; fileRef = F58E539D29DBF7C50022E979 /* SharedUserDefaults.swift */; };
		F58E53A129DBFC720022E979 /* MessageContent.swift in Sources */ = {isa = PBXBuildFile; fileRef = F58E53A029DBFC720022E979 /* MessageContent.swift */; };
		F58E53A229DBFCD50022E979 /* MessageContent.swift in Sources */ = {isa = PBXBuildFile; fileRef = F58E53A029DBFC720022E979 /* MessageContent.swift */; };
		F58E53A329DBFDC00022E979 /* View+Extensions.swift in Sources */ = {isa = PBXBuildFile; fileRef = F5E47EFE29B5D8B80083BB31 /* View+Extensions.swift */; };
		F58E53A529DBFE640022E979 /* Splash in Frameworks */ = {isa = PBXBuildFile; productRef = F58E53A429DBFE640022E979 /* Splash */; };
		F58E53A729DBFE6B0022E979 /* MarkdownUI in Frameworks */ = {isa = PBXBuildFile; productRef = F58E53A629DBFE6B0022E979 /* MarkdownUI */; };
		F58E53A829DBFF000022E979 /* SplashCodeSyntaxHighlighter.swift in Sources */ = {isa = PBXBuildFile; fileRef = F543A92429C44131000C61B5 /* SplashCodeSyntaxHighlighter.swift */; };
		F58E53AA29DC155B0022E979 /* ChatPreset.swift in Sources */ = {isa = PBXBuildFile; fileRef = F58E53A929DC155B0022E979 /* ChatPreset.swift */; };
		F58E53AD29DC17040022E979 /* Localizable.strings in Resources */ = {isa = PBXBuildFile; fileRef = F58E53AB29DC17040022E979 /* Localizable.strings */; };
		F58E53B129DD66CC0022E979 /* StoreKit.framework in Frameworks */ = {isa = PBXBuildFile; fileRef = F58E53B029DD66CC0022E979 /* StoreKit.framework */; };
		F5B04E7C2A334FAC00B10644 /* SwiftSoup in Frameworks */ = {isa = PBXBuildFile; productRef = F5B04E7B2A334FAC00B10644 /* SwiftSoup */; };
		F5B04E7E2A334FB500B10644 /* SwiftSoup in Frameworks */ = {isa = PBXBuildFile; productRef = F5B04E7D2A334FB500B10644 /* SwiftSoup */; };
		F5B2554D29B8A56D0008DAA3 /* SelectChatHintView.swift in Sources */ = {isa = PBXBuildFile; fileRef = F5B2554C29B8A56D0008DAA3 /* SelectChatHintView.swift */; };
		F5C6094529BA366D00862071 /* NewChatView.swift in Sources */ = {isa = PBXBuildFile; fileRef = F5C6094429BA366D00862071 /* NewChatView.swift */; };
		F5E3D9832A2483140004736E /* KeyboardViewModel.swift in Sources */ = {isa = PBXBuildFile; fileRef = F5E3D9822A2483140004736E /* KeyboardViewModel.swift */; };
		F5E3D9842A2485690004736E /* Color+Extensions.swift in Sources */ = {isa = PBXBuildFile; fileRef = F5E47ECE29B498290083BB31 /* Color+Extensions.swift */; };
		F5E3D9852A24B2050004736E /* Message+CoreDataClass.swift in Sources */ = {isa = PBXBuildFile; fileRef = F5E47EC629B497FB0083BB31 /* Message+CoreDataClass.swift */; };
		F5E3D9862A24B2080004736E /* Message+CoreDataProperties.swift in Sources */ = {isa = PBXBuildFile; fileRef = F5E47EC729B497FB0083BB31 /* Message+CoreDataProperties.swift */; };
		F5E3D9872A24B20A0004736E /* Chat+CoreDataClass.swift in Sources */ = {isa = PBXBuildFile; fileRef = F5E47EC829B497FB0083BB31 /* Chat+CoreDataClass.swift */; };
		F5E3D9882A24B20D0004736E /* Chat+CoreDataProperties.swift in Sources */ = {isa = PBXBuildFile; fileRef = F5E47EC929B497FB0083BB31 /* Chat+CoreDataProperties.swift */; };
		F5E3D9892A24BE130004736E /* ChattingFeature.swift in Sources */ = {isa = PBXBuildFile; fileRef = F5E47EE629B4E8FB0083BB31 /* ChattingFeature.swift */; };
		F5E3D98A2A24BE170004736E /* EssentialFeature.swift in Sources */ = {isa = PBXBuildFile; fileRef = F5E47ED529B498E20083BB31 /* EssentialFeature.swift */; };
		F5E3D98B2A24BE1C0004736E /* ChatFeature.swift in Sources */ = {isa = PBXBuildFile; fileRef = F5E47ED829B4990A0083BB31 /* ChatFeature.swift */; };
		F5E3D98C2A24BE200004736E /* MessageFeature.swift in Sources */ = {isa = PBXBuildFile; fileRef = F5E47EEB29B4EA0A0083BB31 /* MessageFeature.swift */; };
		F5E3D98D2A24BE250004736E /* SettingsFeature.swift in Sources */ = {isa = PBXBuildFile; fileRef = F5E47EF129B5A6AB0083BB31 /* SettingsFeature.swift */; };
		F5E3D98F2A24BE5A0004736E /* SplashCodeSyntaxHighlighter.swift in Sources */ = {isa = PBXBuildFile; fileRef = F543A92429C44131000C61B5 /* SplashCodeSyntaxHighlighter.swift */; };
		F5E3D9902A2597400004736E /* View+Extensions.swift in Sources */ = {isa = PBXBuildFile; fileRef = F5E47EFE29B5D8B80083BB31 /* View+Extensions.swift */; };
		F5E3D9912A25978F0004736E /* Haptics.swift in Sources */ = {isa = PBXBuildFile; fileRef = F5E47EE129B49D0E0083BB31 /* Haptics.swift */; };
		F5E3D9922A2597910004736E /* Clipboard.swift in Sources */ = {isa = PBXBuildFile; fileRef = F55B65B529EFD33A00F93F6D /* Clipboard.swift */; };
		F5E3D9932A2597A30004736E /* SharedUserDefaults.swift in Sources */ = {isa = PBXBuildFile; fileRef = F58E539D29DBF7C50022E979 /* SharedUserDefaults.swift */; };
		F5E3D9942A2597A60004736E /* Persistence.swift in Sources */ = {isa = PBXBuildFile; fileRef = F5E47E9529B497A60083BB31 /* Persistence.swift */; };
		F5E3D9952A2597AC0004736E /* AppGroup.swift in Sources */ = {isa = PBXBuildFile; fileRef = F58E539A29DBF7380022E979 /* AppGroup.swift */; };
		F5E3D9972A2597E60004736E /* ChatGPTAdapter.swift in Sources */ = {isa = PBXBuildFile; fileRef = F5E47EEE29B4F5A80083BB31 /* ChatGPTAdapter.swift */; };
		F5E3D9982A2597E90004736E /* ClaudeAdapter.swift in Sources */ = {isa = PBXBuildFile; fileRef = F55B65B129ED0D4900F93F6D /* ClaudeAdapter.swift */; };
		F5E3D9992A25982C0004736E /* MessageContent.swift in Sources */ = {isa = PBXBuildFile; fileRef = F58E53A029DBFC720022E979 /* MessageContent.swift */; };
		F5E3D99B2A2598450004736E /* LDSwiftEventSource in Frameworks */ = {isa = PBXBuildFile; productRef = F5E3D99A2A2598450004736E /* LDSwiftEventSource */; };
		F5E3D99D2A2598450004736E /* Splash in Frameworks */ = {isa = PBXBuildFile; productRef = F5E3D99C2A2598450004736E /* Splash */; };
		F5E3D99F2A2598450004736E /* MarkdownUI in Frameworks */ = {isa = PBXBuildFile; productRef = F5E3D99E2A2598450004736E /* MarkdownUI */; };
		F5E3D9A12A2598450004736E /* GPT3 Tokenizer in Frameworks */ = {isa = PBXBuildFile; productRef = F5E3D9A02A2598450004736E /* GPT3 Tokenizer */; };
		F5E3D9A22A25A5170004736E /* Assets.xcassets in Resources */ = {isa = PBXBuildFile; fileRef = F5E47E9C29B497A60083BB31 /* Assets.xcassets */; };
		F5E3D9A32A25A51E0004736E /* AssisChat.xcdatamodeld in Sources */ = {isa = PBXBuildFile; fileRef = F5E47E9729B497A60083BB31 /* AssisChat.xcdatamodeld */; };
		F5E3D9A62A25C9470004736E /* InfoPlist.strings in Resources */ = {isa = PBXBuildFile; fileRef = F5E3D9A42A25C9470004736E /* InfoPlist.strings */; };
		F5E3D9A92A25C9470004736E /* Localizable.strings in Resources */ = {isa = PBXBuildFile; fileRef = F5E3D9A72A25C9470004736E /* Localizable.strings */; };
		F5E3D9AD2A271DFD0004736E /* ShareExtensionIntroduction.swift in Sources */ = {isa = PBXBuildFile; fileRef = F5E3D9AC2A271DFD0004736E /* ShareExtensionIntroduction.swift */; };
		F5E3D9AF2A271E2F0004736E /* KeyboardExtensionIntroduction.swift in Sources */ = {isa = PBXBuildFile; fileRef = F5E3D9AE2A271E2F0004736E /* KeyboardExtensionIntroduction.swift */; };
		F5E3D9B12A27434E0004736E /* KeyboardExtensionConfigIntroduction.swift in Sources */ = {isa = PBXBuildFile; fileRef = F5E3D9B02A27434E0004736E /* KeyboardExtensionConfigIntroduction.swift */; };
		F5E47E9429B497A60083BB31 /* AssisChatApp.swift in Sources */ = {isa = PBXBuildFile; fileRef = F5E47E9329B497A60083BB31 /* AssisChatApp.swift */; };
		F5E47E9629B497A60083BB31 /* Persistence.swift in Sources */ = {isa = PBXBuildFile; fileRef = F5E47E9529B497A60083BB31 /* Persistence.swift */; };
		F5E47E9929B497A60083BB31 /* AssisChat.xcdatamodeld in Sources */ = {isa = PBXBuildFile; fileRef = F5E47E9729B497A60083BB31 /* AssisChat.xcdatamodeld */; };
		F5E47E9B29B497A60083BB31 /* ContentView.swift in Sources */ = {isa = PBXBuildFile; fileRef = F5E47E9A29B497A60083BB31 /* ContentView.swift */; };
		F5E47E9D29B497A60083BB31 /* Assets.xcassets in Resources */ = {isa = PBXBuildFile; fileRef = F5E47E9C29B497A60083BB31 /* Assets.xcassets */; };
		F5E47EA129B497A60083BB31 /* Preview Assets.xcassets in Resources */ = {isa = PBXBuildFile; fileRef = F5E47EA029B497A60083BB31 /* Preview Assets.xcassets */; };
		F5E47EAB29B497A60083BB31 /* AssisChatTests.swift in Sources */ = {isa = PBXBuildFile; fileRef = F5E47EAA29B497A60083BB31 /* AssisChatTests.swift */; };
		F5E47EB529B497A60083BB31 /* AssisChatUITests.swift in Sources */ = {isa = PBXBuildFile; fileRef = F5E47EB429B497A60083BB31 /* AssisChatUITests.swift */; };
		F5E47EB729B497A60083BB31 /* AssisChatUITestsLaunchTests.swift in Sources */ = {isa = PBXBuildFile; fileRef = F5E47EB629B497A60083BB31 /* AssisChatUITestsLaunchTests.swift */; };
		F5E47ECA29B497FB0083BB31 /* Message+CoreDataClass.swift in Sources */ = {isa = PBXBuildFile; fileRef = F5E47EC629B497FB0083BB31 /* Message+CoreDataClass.swift */; };
		F5E47ECB29B497FB0083BB31 /* Message+CoreDataProperties.swift in Sources */ = {isa = PBXBuildFile; fileRef = F5E47EC729B497FB0083BB31 /* Message+CoreDataProperties.swift */; };
		F5E47ECC29B497FB0083BB31 /* Chat+CoreDataClass.swift in Sources */ = {isa = PBXBuildFile; fileRef = F5E47EC829B497FB0083BB31 /* Chat+CoreDataClass.swift */; };
		F5E47ECD29B497FB0083BB31 /* Chat+CoreDataProperties.swift in Sources */ = {isa = PBXBuildFile; fileRef = F5E47EC929B497FB0083BB31 /* Chat+CoreDataProperties.swift */; };
		F5E47ECF29B498290083BB31 /* Color+Extensions.swift in Sources */ = {isa = PBXBuildFile; fileRef = F5E47ECE29B498290083BB31 /* Color+Extensions.swift */; };
		F5E47ED129B4983D0083BB31 /* Dictionary+Extensions.swift in Sources */ = {isa = PBXBuildFile; fileRef = F5E47ED029B4983D0083BB31 /* Dictionary+Extensions.swift */; };
		F5E47ED329B498550083BB31 /* Notification+Extensions.swift in Sources */ = {isa = PBXBuildFile; fileRef = F5E47ED229B498550083BB31 /* Notification+Extensions.swift */; };
		F5E47ED629B498E20083BB31 /* EssentialFeature.swift in Sources */ = {isa = PBXBuildFile; fileRef = F5E47ED529B498E20083BB31 /* EssentialFeature.swift */; };
		F5E47ED929B4990A0083BB31 /* ChatFeature.swift in Sources */ = {isa = PBXBuildFile; fileRef = F5E47ED829B4990A0083BB31 /* ChatFeature.swift */; };
		F5E47EDB29B49B880083BB31 /* ChatsView.swift in Sources */ = {isa = PBXBuildFile; fileRef = F5E47EDA29B49B880083BB31 /* ChatsView.swift */; };
		F5E47EDD29B49B9C0083BB31 /* CustomNewChatView.swift in Sources */ = {isa = PBXBuildFile; fileRef = F5E47EDC29B49B9C0083BB31 /* CustomNewChatView.swift */; };
		F5E47EDF29B49CCA0083BB31 /* ColorSelector.swift in Sources */ = {isa = PBXBuildFile; fileRef = F5E47EDE29B49CCA0083BB31 /* ColorSelector.swift */; };
		F5E47EE229B49D0E0083BB31 /* Haptics.swift in Sources */ = {isa = PBXBuildFile; fileRef = F5E47EE129B49D0E0083BB31 /* Haptics.swift */; };
		F5E47EE429B49DF90083BB31 /* ChatIconSelector.swift in Sources */ = {isa = PBXBuildFile; fileRef = F5E47EE329B49DF90083BB31 /* ChatIconSelector.swift */; };
		F5E47EE729B4E8FB0083BB31 /* ChattingFeature.swift in Sources */ = {isa = PBXBuildFile; fileRef = F5E47EE629B4E8FB0083BB31 /* ChattingFeature.swift */; };
		F5E47EE929B4E9090083BB31 /* ChattingView.swift in Sources */ = {isa = PBXBuildFile; fileRef = F5E47EE829B4E9090083BB31 /* ChattingView.swift */; };
		F5E47EEC29B4EA0A0083BB31 /* MessageFeature.swift in Sources */ = {isa = PBXBuildFile; fileRef = F5E47EEB29B4EA0A0083BB31 /* MessageFeature.swift */; };
		F5E47EEF29B4F5A80083BB31 /* ChatGPTAdapter.swift in Sources */ = {isa = PBXBuildFile; fileRef = F5E47EEE29B4F5A80083BB31 /* ChatGPTAdapter.swift */; };
		F5E47EF229B5A6AB0083BB31 /* SettingsFeature.swift in Sources */ = {isa = PBXBuildFile; fileRef = F5E47EF129B5A6AB0083BB31 /* SettingsFeature.swift */; };
		F5E47EF429B5AC380083BB31 /* SettingsView.swift in Sources */ = {isa = PBXBuildFile; fileRef = F5E47EF329B5AC380083BB31 /* SettingsView.swift */; };
		F5E47EF629B5B1B10083BB31 /* ColorSchemeSelector.swift in Sources */ = {isa = PBXBuildFile; fileRef = F5E47EF529B5B1B10083BB31 /* ColorSchemeSelector.swift */; };
		F5E47EF829B5B2320083BB31 /* TintSelector.swift in Sources */ = {isa = PBXBuildFile; fileRef = F5E47EF729B5B2320083BB31 /* TintSelector.swift */; };
		F5E47EFA29B5B6470083BB31 /* ChatSourceConfigView.swift in Sources */ = {isa = PBXBuildFile; fileRef = F5E47EF929B5B6470083BB31 /* ChatSourceConfigView.swift */; };
		F5E47EFC29B5D2870083BB31 /* .gitignore in Resources */ = {isa = PBXBuildFile; fileRef = F5E47EFB29B5D2870083BB31 /* .gitignore */; };
		F5E47EFF29B5D8B80083BB31 /* View+Extensions.swift in Sources */ = {isa = PBXBuildFile; fileRef = F5E47EFE29B5D8B80083BB31 /* View+Extensions.swift */; };
		F5E47F0229B6178F0083BB31 /* CopyrightView.swift in Sources */ = {isa = PBXBuildFile; fileRef = F5E47F0129B6178F0083BB31 /* CopyrightView.swift */; };
		F5E47F0429B617AF0083BB31 /* Bundle+Extensions.swift in Sources */ = {isa = PBXBuildFile; fileRef = F5E47F0329B617AF0083BB31 /* Bundle+Extensions.swift */; };
		F5E47F0B29B7002D0083BB31 /* ChatDetailView.swift in Sources */ = {isa = PBXBuildFile; fileRef = F5E47F0A29B7002D0083BB31 /* ChatDetailView.swift */; };
		F5E47F0D29B706FF0083BB31 /* ChatEditor.swift in Sources */ = {isa = PBXBuildFile; fileRef = F5E47F0C29B706FF0083BB31 /* ChatEditor.swift */; };
		F5E47F0F29B708D00083BB31 /* EditChatView.swift in Sources */ = {isa = PBXBuildFile; fileRef = F5E47F0E29B708D00083BB31 /* EditChatView.swift */; };
		F5E47F1C29B721AA0083BB31 /* LDSwiftEventSource in Frameworks */ = {isa = PBXBuildFile; productRef = F5E47F1B29B721AA0083BB31 /* LDSwiftEventSource */; };
		F5E47F1F29B7562B0083BB31 /* Localizable.strings in Resources */ = {isa = PBXBuildFile; fileRef = F5E47F2129B7562B0083BB31 /* Localizable.strings */; };
		F5F290E229D92AF2001F6648 /* ShareViewController.swift in Sources */ = {isa = PBXBuildFile; fileRef = F567A33129D6A09F00057582 /* ShareViewController.swift */; };
		F5F290E329D92AF9001F6648 /* Persistence.swift in Sources */ = {isa = PBXBuildFile; fileRef = F5E47E9529B497A60083BB31 /* Persistence.swift */; };
		F5F290E729DA6A35001F6648 /* ChattingFeature.swift in Sources */ = {isa = PBXBuildFile; fileRef = F5E47EE629B4E8FB0083BB31 /* ChattingFeature.swift */; };
		F5F290E829DA6A38001F6648 /* SettingsFeature.swift in Sources */ = {isa = PBXBuildFile; fileRef = F5E47EF129B5A6AB0083BB31 /* SettingsFeature.swift */; };
		F5F290E929DA6A54001F6648 /* ChatFeature.swift in Sources */ = {isa = PBXBuildFile; fileRef = F5E47ED829B4990A0083BB31 /* ChatFeature.swift */; };
		F5F290EA29DA6A58001F6648 /* MessageFeature.swift in Sources */ = {isa = PBXBuildFile; fileRef = F5E47EEB29B4EA0A0083BB31 /* MessageFeature.swift */; };
		F5F290EB29DA6A62001F6648 /* EssentialFeature.swift in Sources */ = {isa = PBXBuildFile; fileRef = F5E47ED529B498E20083BB31 /* EssentialFeature.swift */; };
		F5F290EC29DA6A74001F6648 /* ChatGPTAdapter.swift in Sources */ = {isa = PBXBuildFile; fileRef = F5E47EEE29B4F5A80083BB31 /* ChatGPTAdapter.swift */; };
		F5F2947B29C74400005D63CB /* ProBanner.swift in Sources */ = {isa = PBXBuildFile; fileRef = F5F2947A29C74400005D63CB /* ProBanner.swift */; };
		F5F2947D29C757C8005D63CB /* ProIntroductionView.swift in Sources */ = {isa = PBXBuildFile; fileRef = F5F2947C29C757C8005D63CB /* ProIntroductionView.swift */; };
		F5F2947F29C859BC005D63CB /* ProBadge.swift in Sources */ = {isa = PBXBuildFile; fileRef = F5F2947E29C859BC005D63CB /* ProBadge.swift */; };
		F5F2948329CB3CEC005D63CB /* MarkdownUI in Frameworks */ = {isa = PBXBuildFile; productRef = F5F2948229CB3CEC005D63CB /* MarkdownUI */; };
		F5F2948629CB3D02005D63CB /* GPT3 Tokenizer in Frameworks */ = {isa = PBXBuildFile; productRef = F5F2948529CB3D02005D63CB /* GPT3 Tokenizer */; };
		F5FFE96F29F64F9000AD4C91 /* UniformProgressView.swift in Sources */ = {isa = PBXBuildFile; fileRef = F5FFE96E29F64F9000AD4C91 /* UniformProgressView.swift */; };
		F5FFE97129F658F200AD4C91 /* MacOSSettingsView.swift in Sources */ = {isa = PBXBuildFile; fileRef = F5FFE97029F658F200AD4C91 /* MacOSSettingsView.swift */; };
		F5FFE97829FA577500AD4C91 /* QRCodeFeature.swift in Sources */ = {isa = PBXBuildFile; fileRef = F5FFE97729FA577500AD4C91 /* QRCodeFeature.swift */; };
		F5FFE97A29FA57AD00AD4C91 /* QRCodeScannerButton.swift in Sources */ = {isa = PBXBuildFile; fileRef = F5FFE97929FA57AD00AD4C91 /* QRCodeScannerButton.swift */; };
		F5FFE97D29FA601300AD4C91 /* CodeScanner in Frameworks */ = {isa = PBXBuildFile; platformFilter = ios; productRef = F5FFE97C29FA601300AD4C91 /* CodeScanner */; };
		F5FFE97F29FA6C6200AD4C91 /* QRCodeScanningView.swift in Sources */ = {isa = PBXBuildFile; fileRef = F5FFE97E29FA6C6200AD4C91 /* QRCodeScanningView.swift */; };
		F5FFE98229FAAD9400AD4C91 /* InfoPlist.strings in Resources */ = {isa = PBXBuildFile; fileRef = F5FFE98029FAAD9400AD4C91 /* InfoPlist.strings */; };
/* End PBXBuildFile section */

/* Begin PBXContainerItemProxy section */
		F53D79192A062AE500CBFAD1 /* PBXContainerItemProxy */ = {
			isa = PBXContainerItemProxy;
			containerPortal = F5E47E8829B497A60083BB31 /* Project object */;
			proxyType = 1;
			remoteGlobalIDString = F53D79132A062AE500CBFAD1;
			remoteInfo = Keyboard;
		};
		F567A31E29D6935D00057582 /* PBXContainerItemProxy */ = {
			isa = PBXContainerItemProxy;
			containerPortal = F5E47E8829B497A60083BB31 /* Project object */;
			proxyType = 1;
			remoteGlobalIDString = F567A31529D6935D00057582;
			remoteInfo = Share;
		};
		F5E47EA729B497A60083BB31 /* PBXContainerItemProxy */ = {
			isa = PBXContainerItemProxy;
			containerPortal = F5E47E8829B497A60083BB31 /* Project object */;
			proxyType = 1;
			remoteGlobalIDString = F5E47E8F29B497A60083BB31;
			remoteInfo = AssisChat;
		};
		F5E47EB129B497A60083BB31 /* PBXContainerItemProxy */ = {
			isa = PBXContainerItemProxy;
			containerPortal = F5E47E8829B497A60083BB31 /* Project object */;
			proxyType = 1;
			remoteGlobalIDString = F5E47E8F29B497A60083BB31;
			remoteInfo = AssisChat;
		};
/* End PBXContainerItemProxy section */

/* Begin PBXCopyFilesBuildPhase section */
		F567A32129D6935D00057582 /* Embed Foundation Extensions */ = {
			isa = PBXCopyFilesBuildPhase;
			buildActionMask = 2147483647;
			dstPath = "";
			dstSubfolderSpec = 13;
			files = (
				F567A32029D6935D00057582 /* Share.appex in Embed Foundation Extensions */,
				F53D791B2A062AE500CBFAD1 /* Keyboard.appex in Embed Foundation Extensions */,
			);
			name = "Embed Foundation Extensions";
			runOnlyForDeploymentPostprocessing = 0;
		};
/* End PBXCopyFilesBuildPhase section */

/* Begin PBXFileReference section */
		F53D790B2A00B5CB00CBFAD1 /* CloudKit.framework */ = {isa = PBXFileReference; lastKnownFileType = wrapper.framework; name = CloudKit.framework; path = Platforms/iPhoneOS.platform/Developer/SDKs/iPhoneOS16.4.sdk/System/Library/Frameworks/CloudKit.framework; sourceTree = DEVELOPER_DIR; };
		F53D79142A062AE500CBFAD1 /* Keyboard.appex */ = {isa = PBXFileReference; explicitFileType = "wrapper.app-extension"; includeInIndex = 0; path = Keyboard.appex; sourceTree = BUILT_PRODUCTS_DIR; };
		F53D79162A062AE500CBFAD1 /* KeyboardViewController.swift */ = {isa = PBXFileReference; lastKnownFileType = sourcecode.swift; path = KeyboardViewController.swift; sourceTree = "<group>"; };
		F53D79182A062AE500CBFAD1 /* Info.plist */ = {isa = PBXFileReference; lastKnownFileType = text.plist.xml; path = Info.plist; sourceTree = "<group>"; };
		F53D791F2A0BCA1F00CBFAD1 /* KeyboardView.swift */ = {isa = PBXFileReference; lastKnownFileType = sourcecode.swift; path = KeyboardView.swift; sourceTree = "<group>"; };
		F543A92429C44131000C61B5 /* SplashCodeSyntaxHighlighter.swift */ = {isa = PBXFileReference; lastKnownFileType = sourcecode.swift; path = SplashCodeSyntaxHighlighter.swift; sourceTree = "<group>"; };
		F543A92629C444AC000C61B5 /* AcknowledgmentView.swift */ = {isa = PBXFileReference; lastKnownFileType = sourcecode.swift; path = AcknowledgmentView.swift; sourceTree = "<group>"; };
		F543A92829C46BE8000C61B5 /* SymbolVariantSelector.swift */ = {isa = PBXFileReference; lastKnownFileType = sourcecode.swift; path = SymbolVariantSelector.swift; sourceTree = "<group>"; };
		F543A92C29C53749000C61B5 /* ProFeature.swift */ = {isa = PBXFileReference; lastKnownFileType = sourcecode.swift; path = ProFeature.swift; sourceTree = "<group>"; };
		F55B65B129ED0D4900F93F6D /* ClaudeAdapter.swift */ = {isa = PBXFileReference; lastKnownFileType = sourcecode.swift; path = ClaudeAdapter.swift; sourceTree = "<group>"; };
		F55B65B529EFD33A00F93F6D /* Clipboard.swift */ = {isa = PBXFileReference; lastKnownFileType = sourcecode.swift; path = Clipboard.swift; sourceTree = "<group>"; };
		F567A31629D6935D00057582 /* Share.appex */ = {isa = PBXFileReference; explicitFileType = "wrapper.app-extension"; includeInIndex = 0; path = Share.appex; sourceTree = BUILT_PRODUCTS_DIR; };
		F567A31829D6935D00057582 /* HostingShareViewController.swift */ = {isa = PBXFileReference; lastKnownFileType = sourcecode.swift; path = HostingShareViewController.swift; sourceTree = "<group>"; };
		F567A31D29D6935D00057582 /* Info.plist */ = {isa = PBXFileReference; lastKnownFileType = text.plist.xml; path = Info.plist; sourceTree = "<group>"; };
		F567A32529D693EC00057582 /* ShareView.swift */ = {isa = PBXFileReference; lastKnownFileType = sourcecode.swift; path = ShareView.swift; sourceTree = "<group>"; };
		F567A33129D6A09F00057582 /* ShareViewController.swift */ = {isa = PBXFileReference; lastKnownFileType = sourcecode.swift; path = ShareViewController.swift; sourceTree = "<group>"; };
		F58E539A29DBF7380022E979 /* AppGroup.swift */ = {isa = PBXFileReference; lastKnownFileType = sourcecode.swift; path = AppGroup.swift; sourceTree = "<group>"; };
		F58E539D29DBF7C50022E979 /* SharedUserDefaults.swift */ = {isa = PBXFileReference; lastKnownFileType = sourcecode.swift; path = SharedUserDefaults.swift; sourceTree = "<group>"; };
		F58E53A029DBFC720022E979 /* MessageContent.swift */ = {isa = PBXFileReference; lastKnownFileType = sourcecode.swift; path = MessageContent.swift; sourceTree = "<group>"; };
		F58E53A929DC155B0022E979 /* ChatPreset.swift */ = {isa = PBXFileReference; lastKnownFileType = sourcecode.swift; path = ChatPreset.swift; sourceTree = "<group>"; };
		F58E53AC29DC17040022E979 /* zh-Hans */ = {isa = PBXFileReference; lastKnownFileType = text.plist.strings; name = "zh-Hans"; path = "zh-Hans.lproj/Localizable.strings"; sourceTree = "<group>"; };
		F58E53AE29DC17110022E979 /* en */ = {isa = PBXFileReference; lastKnownFileType = text.plist.strings; name = en; path = en.lproj/Localizable.strings; sourceTree = "<group>"; };
		F58E53AF29DC17130022E979 /* zh-Hant */ = {isa = PBXFileReference; lastKnownFileType = text.plist.strings; name = "zh-Hant"; path = "zh-Hant.lproj/Localizable.strings"; sourceTree = "<group>"; };
		F58E53B029DD66CC0022E979 /* StoreKit.framework */ = {isa = PBXFileReference; lastKnownFileType = wrapper.framework; name = StoreKit.framework; path = System/Library/Frameworks/StoreKit.framework; sourceTree = SDKROOT; };
		F58E53B229DD6A670022E979 /* Products.storekit */ = {isa = PBXFileReference; lastKnownFileType = text; path = Products.storekit; sourceTree = "<group>"; };
		F5B2554C29B8A56D0008DAA3 /* SelectChatHintView.swift */ = {isa = PBXFileReference; lastKnownFileType = sourcecode.swift; path = SelectChatHintView.swift; sourceTree = "<group>"; };
		F5C6094429BA366D00862071 /* NewChatView.swift */ = {isa = PBXFileReference; lastKnownFileType = sourcecode.swift; path = NewChatView.swift; sourceTree = "<group>"; };
		F5E3D9822A2483140004736E /* KeyboardViewModel.swift */ = {isa = PBXFileReference; lastKnownFileType = sourcecode.swift; path = KeyboardViewModel.swift; sourceTree = "<group>"; };
		F5E3D9962A2597C80004736E /* Keyboard.entitlements */ = {isa = PBXFileReference; lastKnownFileType = text.plist.entitlements; path = Keyboard.entitlements; sourceTree = "<group>"; };
		F5E3D9A52A25C9470004736E /* zh-Hans */ = {isa = PBXFileReference; lastKnownFileType = text.plist.strings; name = "zh-Hans"; path = "zh-Hans.lproj/InfoPlist.strings"; sourceTree = "<group>"; };
		F5E3D9A82A25C9470004736E /* zh-Hans */ = {isa = PBXFileReference; lastKnownFileType = text.plist.strings; name = "zh-Hans"; path = "zh-Hans.lproj/Localizable.strings"; sourceTree = "<group>"; };
		F5E3D9AA2A25C94F0004736E /* zh-Hant */ = {isa = PBXFileReference; lastKnownFileType = text.plist.strings; name = "zh-Hant"; path = "zh-Hant.lproj/InfoPlist.strings"; sourceTree = "<group>"; };
		F5E3D9AB2A25C9690004736E /* zh-Hant */ = {isa = PBXFileReference; lastKnownFileType = text.plist.strings; name = "zh-Hant"; path = "zh-Hant.lproj/Localizable.strings"; sourceTree = "<group>"; };
		F5E3D9AC2A271DFD0004736E /* ShareExtensionIntroduction.swift */ = {isa = PBXFileReference; lastKnownFileType = sourcecode.swift; path = ShareExtensionIntroduction.swift; sourceTree = "<group>"; };
		F5E3D9AE2A271E2F0004736E /* KeyboardExtensionIntroduction.swift */ = {isa = PBXFileReference; lastKnownFileType = sourcecode.swift; path = KeyboardExtensionIntroduction.swift; sourceTree = "<group>"; };
		F5E3D9B02A27434E0004736E /* KeyboardExtensionConfigIntroduction.swift */ = {isa = PBXFileReference; lastKnownFileType = sourcecode.swift; path = KeyboardExtensionConfigIntroduction.swift; sourceTree = "<group>"; };
		F5E47E9029B497A60083BB31 /* AssisChat.app */ = {isa = PBXFileReference; explicitFileType = wrapper.application; includeInIndex = 0; path = AssisChat.app; sourceTree = BUILT_PRODUCTS_DIR; };
		F5E47E9329B497A60083BB31 /* AssisChatApp.swift */ = {isa = PBXFileReference; lastKnownFileType = sourcecode.swift; path = AssisChatApp.swift; sourceTree = "<group>"; };
		F5E47E9529B497A60083BB31 /* Persistence.swift */ = {isa = PBXFileReference; lastKnownFileType = sourcecode.swift; path = Persistence.swift; sourceTree = "<group>"; };
		F5E47E9829B497A60083BB31 /* AssisChat.xcdatamodel */ = {isa = PBXFileReference; lastKnownFileType = wrapper.xcdatamodel; path = AssisChat.xcdatamodel; sourceTree = "<group>"; };
		F5E47E9A29B497A60083BB31 /* ContentView.swift */ = {isa = PBXFileReference; lastKnownFileType = sourcecode.swift; path = ContentView.swift; sourceTree = "<group>"; };
		F5E47E9C29B497A60083BB31 /* Assets.xcassets */ = {isa = PBXFileReference; lastKnownFileType = folder.assetcatalog; path = Assets.xcassets; sourceTree = "<group>"; };
		F5E47E9E29B497A60083BB31 /* AssisChat.entitlements */ = {isa = PBXFileReference; lastKnownFileType = text.plist.entitlements; path = AssisChat.entitlements; sourceTree = "<group>"; };
		F5E47EA029B497A60083BB31 /* Preview Assets.xcassets */ = {isa = PBXFileReference; lastKnownFileType = folder.assetcatalog; path = "Preview Assets.xcassets"; sourceTree = "<group>"; };
		F5E47EA629B497A60083BB31 /* AssisChatTests.xctest */ = {isa = PBXFileReference; explicitFileType = wrapper.cfbundle; includeInIndex = 0; path = AssisChatTests.xctest; sourceTree = BUILT_PRODUCTS_DIR; };
		F5E47EAA29B497A60083BB31 /* AssisChatTests.swift */ = {isa = PBXFileReference; lastKnownFileType = sourcecode.swift; path = AssisChatTests.swift; sourceTree = "<group>"; };
		F5E47EB029B497A60083BB31 /* AssisChatUITests.xctest */ = {isa = PBXFileReference; explicitFileType = wrapper.cfbundle; includeInIndex = 0; path = AssisChatUITests.xctest; sourceTree = BUILT_PRODUCTS_DIR; };
		F5E47EB429B497A60083BB31 /* AssisChatUITests.swift */ = {isa = PBXFileReference; lastKnownFileType = sourcecode.swift; path = AssisChatUITests.swift; sourceTree = "<group>"; };
		F5E47EB629B497A60083BB31 /* AssisChatUITestsLaunchTests.swift */ = {isa = PBXFileReference; lastKnownFileType = sourcecode.swift; path = AssisChatUITestsLaunchTests.swift; sourceTree = "<group>"; };
		F5E47EC629B497FB0083BB31 /* Message+CoreDataClass.swift */ = {isa = PBXFileReference; lastKnownFileType = sourcecode.swift; path = "Message+CoreDataClass.swift"; sourceTree = "<group>"; };
		F5E47EC729B497FB0083BB31 /* Message+CoreDataProperties.swift */ = {isa = PBXFileReference; lastKnownFileType = sourcecode.swift; path = "Message+CoreDataProperties.swift"; sourceTree = "<group>"; };
		F5E47EC829B497FB0083BB31 /* Chat+CoreDataClass.swift */ = {isa = PBXFileReference; lastKnownFileType = sourcecode.swift; path = "Chat+CoreDataClass.swift"; sourceTree = "<group>"; };
		F5E47EC929B497FB0083BB31 /* Chat+CoreDataProperties.swift */ = {isa = PBXFileReference; lastKnownFileType = sourcecode.swift; path = "Chat+CoreDataProperties.swift"; sourceTree = "<group>"; };
		F5E47ECE29B498290083BB31 /* Color+Extensions.swift */ = {isa = PBXFileReference; lastKnownFileType = sourcecode.swift; path = "Color+Extensions.swift"; sourceTree = "<group>"; };
		F5E47ED029B4983D0083BB31 /* Dictionary+Extensions.swift */ = {isa = PBXFileReference; lastKnownFileType = sourcecode.swift; path = "Dictionary+Extensions.swift"; sourceTree = "<group>"; };
		F5E47ED229B498550083BB31 /* Notification+Extensions.swift */ = {isa = PBXFileReference; lastKnownFileType = sourcecode.swift; path = "Notification+Extensions.swift"; sourceTree = "<group>"; };
		F5E47ED529B498E20083BB31 /* EssentialFeature.swift */ = {isa = PBXFileReference; lastKnownFileType = sourcecode.swift; path = EssentialFeature.swift; sourceTree = "<group>"; };
		F5E47ED829B4990A0083BB31 /* ChatFeature.swift */ = {isa = PBXFileReference; lastKnownFileType = sourcecode.swift; path = ChatFeature.swift; sourceTree = "<group>"; };
		F5E47EDA29B49B880083BB31 /* ChatsView.swift */ = {isa = PBXFileReference; lastKnownFileType = sourcecode.swift; path = ChatsView.swift; sourceTree = "<group>"; };
		F5E47EDC29B49B9C0083BB31 /* CustomNewChatView.swift */ = {isa = PBXFileReference; lastKnownFileType = sourcecode.swift; path = CustomNewChatView.swift; sourceTree = "<group>"; };
		F5E47EDE29B49CCA0083BB31 /* ColorSelector.swift */ = {isa = PBXFileReference; lastKnownFileType = sourcecode.swift; path = ColorSelector.swift; sourceTree = "<group>"; };
		F5E47EE129B49D0E0083BB31 /* Haptics.swift */ = {isa = PBXFileReference; lastKnownFileType = sourcecode.swift; path = Haptics.swift; sourceTree = "<group>"; };
		F5E47EE329B49DF90083BB31 /* ChatIconSelector.swift */ = {isa = PBXFileReference; lastKnownFileType = sourcecode.swift; path = ChatIconSelector.swift; sourceTree = "<group>"; };
		F5E47EE629B4E8FB0083BB31 /* ChattingFeature.swift */ = {isa = PBXFileReference; lastKnownFileType = sourcecode.swift; path = ChattingFeature.swift; sourceTree = "<group>"; };
		F5E47EE829B4E9090083BB31 /* ChattingView.swift */ = {isa = PBXFileReference; lastKnownFileType = sourcecode.swift; path = ChattingView.swift; sourceTree = "<group>"; };
		F5E47EEB29B4EA0A0083BB31 /* MessageFeature.swift */ = {isa = PBXFileReference; lastKnownFileType = sourcecode.swift; path = MessageFeature.swift; sourceTree = "<group>"; };
		F5E47EEE29B4F5A80083BB31 /* ChatGPTAdapter.swift */ = {isa = PBXFileReference; lastKnownFileType = sourcecode.swift; path = ChatGPTAdapter.swift; sourceTree = "<group>"; };
		F5E47EF129B5A6AB0083BB31 /* SettingsFeature.swift */ = {isa = PBXFileReference; lastKnownFileType = sourcecode.swift; path = SettingsFeature.swift; sourceTree = "<group>"; };
		F5E47EF329B5AC380083BB31 /* SettingsView.swift */ = {isa = PBXFileReference; lastKnownFileType = sourcecode.swift; path = SettingsView.swift; sourceTree = "<group>"; };
		F5E47EF529B5B1B10083BB31 /* ColorSchemeSelector.swift */ = {isa = PBXFileReference; lastKnownFileType = sourcecode.swift; path = ColorSchemeSelector.swift; sourceTree = "<group>"; };
		F5E47EF729B5B2320083BB31 /* TintSelector.swift */ = {isa = PBXFileReference; lastKnownFileType = sourcecode.swift; path = TintSelector.swift; sourceTree = "<group>"; };
		F5E47EF929B5B6470083BB31 /* ChatSourceConfigView.swift */ = {isa = PBXFileReference; lastKnownFileType = sourcecode.swift; path = ChatSourceConfigView.swift; sourceTree = "<group>"; };
		F5E47EFB29B5D2870083BB31 /* .gitignore */ = {isa = PBXFileReference; lastKnownFileType = text; path = .gitignore; sourceTree = "<group>"; };
		F5E47EFD29B5D29A0083BB31 /* README.md */ = {isa = PBXFileReference; lastKnownFileType = net.daringfireball.markdown; path = README.md; sourceTree = "<group>"; };
		F5E47EFE29B5D8B80083BB31 /* View+Extensions.swift */ = {isa = PBXFileReference; lastKnownFileType = sourcecode.swift; path = "View+Extensions.swift"; sourceTree = "<group>"; };
		F5E47F0129B6178F0083BB31 /* CopyrightView.swift */ = {isa = PBXFileReference; lastKnownFileType = sourcecode.swift; path = CopyrightView.swift; sourceTree = "<group>"; };
		F5E47F0329B617AF0083BB31 /* Bundle+Extensions.swift */ = {isa = PBXFileReference; lastKnownFileType = sourcecode.swift; path = "Bundle+Extensions.swift"; sourceTree = "<group>"; };
		F5E47F0A29B7002D0083BB31 /* ChatDetailView.swift */ = {isa = PBXFileReference; lastKnownFileType = sourcecode.swift; path = ChatDetailView.swift; sourceTree = "<group>"; };
		F5E47F0C29B706FF0083BB31 /* ChatEditor.swift */ = {isa = PBXFileReference; lastKnownFileType = sourcecode.swift; path = ChatEditor.swift; sourceTree = "<group>"; };
		F5E47F0E29B708D00083BB31 /* EditChatView.swift */ = {isa = PBXFileReference; lastKnownFileType = sourcecode.swift; path = EditChatView.swift; sourceTree = "<group>"; };
		F5E47F2029B7562B0083BB31 /* en */ = {isa = PBXFileReference; lastKnownFileType = text.plist.strings; name = en; path = en.lproj/Localizable.strings; sourceTree = "<group>"; };
		F5E47F2229B756300083BB31 /* zh-Hans */ = {isa = PBXFileReference; lastKnownFileType = text.plist.strings; name = "zh-Hans"; path = "zh-Hans.lproj/Localizable.strings"; sourceTree = "<group>"; };
		F5E47F2329B756310083BB31 /* zh-Hant */ = {isa = PBXFileReference; lastKnownFileType = text.plist.strings; name = "zh-Hant"; path = "zh-Hant.lproj/Localizable.strings"; sourceTree = "<group>"; };
		F5E47F2729B7736C0083BB31 /* Info.plist */ = {isa = PBXFileReference; lastKnownFileType = text.plist; path = Info.plist; sourceTree = "<group>"; };
		F5F2947A29C74400005D63CB /* ProBanner.swift */ = {isa = PBXFileReference; lastKnownFileType = sourcecode.swift; path = ProBanner.swift; sourceTree = "<group>"; };
		F5F2947C29C757C8005D63CB /* ProIntroductionView.swift */ = {isa = PBXFileReference; lastKnownFileType = sourcecode.swift; path = ProIntroductionView.swift; sourceTree = "<group>"; };
		F5F2947E29C859BC005D63CB /* ProBadge.swift */ = {isa = PBXFileReference; lastKnownFileType = sourcecode.swift; path = ProBadge.swift; sourceTree = "<group>"; };
		F5FFE96E29F64F9000AD4C91 /* UniformProgressView.swift */ = {isa = PBXFileReference; lastKnownFileType = sourcecode.swift; path = UniformProgressView.swift; sourceTree = "<group>"; };
		F5FFE97029F658F200AD4C91 /* MacOSSettingsView.swift */ = {isa = PBXFileReference; lastKnownFileType = sourcecode.swift; path = MacOSSettingsView.swift; sourceTree = "<group>"; };
		F5FFE97729FA577500AD4C91 /* QRCodeFeature.swift */ = {isa = PBXFileReference; lastKnownFileType = sourcecode.swift; path = QRCodeFeature.swift; sourceTree = "<group>"; };
		F5FFE97929FA57AD00AD4C91 /* QRCodeScannerButton.swift */ = {isa = PBXFileReference; lastKnownFileType = sourcecode.swift; path = QRCodeScannerButton.swift; sourceTree = "<group>"; };
		F5FFE97E29FA6C6200AD4C91 /* QRCodeScanningView.swift */ = {isa = PBXFileReference; lastKnownFileType = sourcecode.swift; path = QRCodeScanningView.swift; sourceTree = "<group>"; };
		F5FFE98129FAAD9400AD4C91 /* zh-Hans */ = {isa = PBXFileReference; lastKnownFileType = text.plist.strings; name = "zh-Hans"; path = "zh-Hans.lproj/InfoPlist.strings"; sourceTree = "<group>"; };
		F5FFE98329FAAF3F00AD4C91 /* zh-Hant */ = {isa = PBXFileReference; lastKnownFileType = text.plist.strings; name = "zh-Hant"; path = "zh-Hant.lproj/InfoPlist.strings"; sourceTree = "<group>"; };
/* End PBXFileReference section */

/* Begin PBXFrameworksBuildPhase section */
		F53D79112A062AE500CBFAD1 /* Frameworks */ = {
			isa = PBXFrameworksBuildPhase;
			buildActionMask = 2147483647;
			files = (
				F5E3D99F2A2598450004736E /* MarkdownUI in Frameworks */,
				F5E3D99B2A2598450004736E /* LDSwiftEventSource in Frameworks */,
				F5E3D99D2A2598450004736E /* Splash in Frameworks */,
				F5E3D9A12A2598450004736E /* GPT3 Tokenizer in Frameworks */,
				F5B04E7E2A334FB500B10644 /* SwiftSoup in Frameworks */,
			);
			runOnlyForDeploymentPostprocessing = 0;
		};
		F567A31329D6935D00057582 /* Frameworks */ = {
			isa = PBXFrameworksBuildPhase;
			buildActionMask = 2147483647;
			files = (
				F567A34729D6CF6300057582 /* LDSwiftEventSource in Frameworks */,
				F567A34529D6CF5F00057582 /* GPT3 Tokenizer in Frameworks */,
				F58E53A529DBFE640022E979 /* Splash in Frameworks */,
				F58E53A729DBFE6B0022E979 /* MarkdownUI in Frameworks */,
				F5B04E7C2A334FAC00B10644 /* SwiftSoup in Frameworks */,
			);
			runOnlyForDeploymentPostprocessing = 0;
		};
		F5E47E8D29B497A60083BB31 /* Frameworks */ = {
			isa = PBXFrameworksBuildPhase;
			buildActionMask = 2147483647;
			files = (
				F53D790C2A00B5CB00CBFAD1 /* CloudKit.framework in Frameworks */,
				F53D790F2A03FA8200CBFAD1 /* LottieSwiftUI in Frameworks */,
				F5F2948329CB3CEC005D63CB /* MarkdownUI in Frameworks */,
				F5E47F1C29B721AA0083BB31 /* LDSwiftEventSource in Frameworks */,
				F5FFE97D29FA601300AD4C91 /* CodeScanner in Frameworks */,
				F58E53B129DD66CC0022E979 /* StoreKit.framework in Frameworks */,
				F5779EE529B8246800CC70B0 /* Splash in Frameworks */,
				F5F2948629CB3D02005D63CB /* GPT3 Tokenizer in Frameworks */,
				F574CB002A3321AE002AA67C /* SwiftSoup in Frameworks */,
			);
			runOnlyForDeploymentPostprocessing = 0;
		};
		F5E47EA329B497A60083BB31 /* Frameworks */ = {
			isa = PBXFrameworksBuildPhase;
			buildActionMask = 2147483647;
			files = (
			);
			runOnlyForDeploymentPostprocessing = 0;
		};
		F5E47EAD29B497A60083BB31 /* Frameworks */ = {
			isa = PBXFrameworksBuildPhase;
			buildActionMask = 2147483647;
			files = (
			);
			runOnlyForDeploymentPostprocessing = 0;
		};
/* End PBXFrameworksBuildPhase section */

/* Begin PBXGroup section */
		F53D79152A062AE500CBFAD1 /* Keyboard */ = {
			isa = PBXGroup;
			children = (
				F5E3D9962A2597C80004736E /* Keyboard.entitlements */,
				F53D79182A062AE500CBFAD1 /* Info.plist */,
				F5E3D9A72A25C9470004736E /* Localizable.strings */,
				F5E3D9A42A25C9470004736E /* InfoPlist.strings */,
				F53D79162A062AE500CBFAD1 /* KeyboardViewController.swift */,
				F53D791F2A0BCA1F00CBFAD1 /* KeyboardView.swift */,
				F5E3D9822A2483140004736E /* KeyboardViewModel.swift */,
			);
			path = Keyboard;
			sourceTree = "<group>";
		};
		F543A92B29C5372F000C61B5 /* Pro */ = {
			isa = PBXGroup;
			children = (
				F543A92C29C53749000C61B5 /* ProFeature.swift */,
				F5F2947A29C74400005D63CB /* ProBanner.swift */,
				F5F2947C29C757C8005D63CB /* ProIntroductionView.swift */,
				F5F2947E29C859BC005D63CB /* ProBadge.swift */,
			);
			path = Pro;
			sourceTree = "<group>";
		};
		F567A31729D6935D00057582 /* Share */ = {
			isa = PBXGroup;
			children = (
				F567A31D29D6935D00057582 /* Info.plist */,
				F58E53AB29DC17040022E979 /* Localizable.strings */,
				F567A31829D6935D00057582 /* HostingShareViewController.swift */,
				F567A32529D693EC00057582 /* ShareView.swift */,
				F567A33129D6A09F00057582 /* ShareViewController.swift */,
			);
			path = Share;
			sourceTree = "<group>";
		};
		F567A34329D6CF5F00057582 /* Frameworks */ = {
			isa = PBXGroup;
			children = (
				F53D790B2A00B5CB00CBFAD1 /* CloudKit.framework */,
				F58E53B029DD66CC0022E979 /* StoreKit.framework */,
			);
			name = Frameworks;
			sourceTree = "<group>";
		};
		F5E47E8729B497A60083BB31 = {
			isa = PBXGroup;
			children = (
				F5E47EFD29B5D29A0083BB31 /* README.md */,
				F5E47EFB29B5D2870083BB31 /* .gitignore */,
				F5E47E9229B497A60083BB31 /* AssisChat */,
				F5E47EA929B497A60083BB31 /* AssisChatTests */,
				F5E47EB329B497A60083BB31 /* AssisChatUITests */,
				F567A31729D6935D00057582 /* Share */,
				F53D79152A062AE500CBFAD1 /* Keyboard */,
				F5E47E9129B497A60083BB31 /* Products */,
				F567A34329D6CF5F00057582 /* Frameworks */,
			);
			sourceTree = "<group>";
		};
		F5E47E9129B497A60083BB31 /* Products */ = {
			isa = PBXGroup;
			children = (
				F5E47E9029B497A60083BB31 /* AssisChat.app */,
				F5E47EA629B497A60083BB31 /* AssisChatTests.xctest */,
				F5E47EB029B497A60083BB31 /* AssisChatUITests.xctest */,
				F567A31629D6935D00057582 /* Share.appex */,
				F53D79142A062AE500CBFAD1 /* Keyboard.appex */,
			);
			name = Products;
			sourceTree = "<group>";
		};
		F5E47E9229B497A60083BB31 /* AssisChat */ = {
			isa = PBXGroup;
			children = (
				F5E47F2729B7736C0083BB31 /* Info.plist */,
				F5E47F0029B6176E0083BB31 /* Components */,
				F5E47EE029B49CFD0083BB31 /* Helpers */,
				F5E47EC529B497C80083BB31 /* Models */,
				F5E47EC429B497BF0083BB31 /* Features */,
				F5E47EC329B497B00083BB31 /* Extensions */,
				F5E47E9329B497A60083BB31 /* AssisChatApp.swift */,
				F58E539A29DBF7380022E979 /* AppGroup.swift */,
				F58E539D29DBF7C50022E979 /* SharedUserDefaults.swift */,
				F5E47E9529B497A60083BB31 /* Persistence.swift */,
				F5E47E9A29B497A60083BB31 /* ContentView.swift */,
				F5E47E9C29B497A60083BB31 /* Assets.xcassets */,
				F5E47E9E29B497A60083BB31 /* AssisChat.entitlements */,
				F5E47E9729B497A60083BB31 /* AssisChat.xcdatamodeld */,
				F58E53B229DD6A670022E979 /* Products.storekit */,
				F5FFE98029FAAD9400AD4C91 /* InfoPlist.strings */,
				F5E47F2129B7562B0083BB31 /* Localizable.strings */,
				F5E47E9F29B497A60083BB31 /* Preview Content */,
			);
			path = AssisChat;
			sourceTree = "<group>";
		};
		F5E47E9F29B497A60083BB31 /* Preview Content */ = {
			isa = PBXGroup;
			children = (
				F5E47EA029B497A60083BB31 /* Preview Assets.xcassets */,
			);
			path = "Preview Content";
			sourceTree = "<group>";
		};
		F5E47EA929B497A60083BB31 /* AssisChatTests */ = {
			isa = PBXGroup;
			children = (
				F5E47EAA29B497A60083BB31 /* AssisChatTests.swift */,
			);
			path = AssisChatTests;
			sourceTree = "<group>";
		};
		F5E47EB329B497A60083BB31 /* AssisChatUITests */ = {
			isa = PBXGroup;
			children = (
				F5E47EB429B497A60083BB31 /* AssisChatUITests.swift */,
				F5E47EB629B497A60083BB31 /* AssisChatUITestsLaunchTests.swift */,
			);
			path = AssisChatUITests;
			sourceTree = "<group>";
		};
		F5E47EC329B497B00083BB31 /* Extensions */ = {
			isa = PBXGroup;
			children = (
				F5E47ECE29B498290083BB31 /* Color+Extensions.swift */,
				F5E47ED029B4983D0083BB31 /* Dictionary+Extensions.swift */,
				F5E47ED229B498550083BB31 /* Notification+Extensions.swift */,
				F5E47EFE29B5D8B80083BB31 /* View+Extensions.swift */,
				F5E47F0329B617AF0083BB31 /* Bundle+Extensions.swift */,
			);
			path = Extensions;
			sourceTree = "<group>";
		};
		F5E47EC429B497BF0083BB31 /* Features */ = {
			isa = PBXGroup;
			children = (
				F5FFE97629FA575E00AD4C91 /* QRCode */,
				F543A92B29C5372F000C61B5 /* Pro */,
				F5E47EF029B5A6840083BB31 /* Settings */,
				F5E47EEA29B4E9F90083BB31 /* Message */,
				F5E47EE529B4E8C80083BB31 /* Chating */,
				F5E47ED729B498FB0083BB31 /* Chat */,
				F5E47ED429B498C90083BB31 /* Essential */,
			);
			path = Features;
			sourceTree = "<group>";
		};
		F5E47EC529B497C80083BB31 /* Models */ = {
			isa = PBXGroup;
			children = (
				F5E47EC629B497FB0083BB31 /* Message+CoreDataClass.swift */,
				F5E47EC729B497FB0083BB31 /* Message+CoreDataProperties.swift */,
				F5E47EC829B497FB0083BB31 /* Chat+CoreDataClass.swift */,
				F5E47EC929B497FB0083BB31 /* Chat+CoreDataProperties.swift */,
			);
			path = Models;
			sourceTree = "<group>";
		};
		F5E47ED429B498C90083BB31 /* Essential */ = {
			isa = PBXGroup;
			children = (
				F5E47ED529B498E20083BB31 /* EssentialFeature.swift */,
			);
			path = Essential;
			sourceTree = "<group>";
		};
		F5E47ED729B498FB0083BB31 /* Chat */ = {
			isa = PBXGroup;
			children = (
				F5E47ED829B4990A0083BB31 /* ChatFeature.swift */,
				F58E53A929DC155B0022E979 /* ChatPreset.swift */,
				F5E47F0C29B706FF0083BB31 /* ChatEditor.swift */,
				F5E47EDA29B49B880083BB31 /* ChatsView.swift */,
				F5E47EDC29B49B9C0083BB31 /* CustomNewChatView.swift */,
				F5E47F0E29B708D00083BB31 /* EditChatView.swift */,
				F5E47EE329B49DF90083BB31 /* ChatIconSelector.swift */,
				F5E47EDE29B49CCA0083BB31 /* ColorSelector.swift */,
				F5E47F0A29B7002D0083BB31 /* ChatDetailView.swift */,
				F5C6094429BA366D00862071 /* NewChatView.swift */,
			);
			path = Chat;
			sourceTree = "<group>";
		};
		F5E47EE029B49CFD0083BB31 /* Helpers */ = {
			isa = PBXGroup;
			children = (
				F5E47EE129B49D0E0083BB31 /* Haptics.swift */,
				F55B65B529EFD33A00F93F6D /* Clipboard.swift */,
			);
			path = Helpers;
			sourceTree = "<group>";
		};
		F5E47EE529B4E8C80083BB31 /* Chating */ = {
			isa = PBXGroup;
			children = (
				F5E47EE629B4E8FB0083BB31 /* ChattingFeature.swift */,
				F5B2554C29B8A56D0008DAA3 /* SelectChatHintView.swift */,
				F5E47EE829B4E9090083BB31 /* ChattingView.swift */,
			);
			path = Chating;
			sourceTree = "<group>";
		};
		F5E47EEA29B4E9F90083BB31 /* Message */ = {
			isa = PBXGroup;
			children = (
				F5E47EEB29B4EA0A0083BB31 /* MessageFeature.swift */,
			);
			path = Message;
			sourceTree = "<group>";
		};
		F5E47EED29B4F5850083BB31 /* ChattingAdapters */ = {
			isa = PBXGroup;
			children = (
				F5E47EEE29B4F5A80083BB31 /* ChatGPTAdapter.swift */,
				F55B65B129ED0D4900F93F6D /* ClaudeAdapter.swift */,
			);
			path = ChattingAdapters;
			sourceTree = "<group>";
		};
		F5E47EF029B5A6840083BB31 /* Settings */ = {
			isa = PBXGroup;
			children = (
				F5E47EED29B4F5850083BB31 /* ChattingAdapters */,
				F5E47EF129B5A6AB0083BB31 /* SettingsFeature.swift */,
				F5E47EF929B5B6470083BB31 /* ChatSourceConfigView.swift */,
				F5E47EF529B5B1B10083BB31 /* ColorSchemeSelector.swift */,
				F543A92829C46BE8000C61B5 /* SymbolVariantSelector.swift */,
				F5E47EF729B5B2320083BB31 /* TintSelector.swift */,
				F5E47EF329B5AC380083BB31 /* SettingsView.swift */,
				F5E3D9AC2A271DFD0004736E /* ShareExtensionIntroduction.swift */,
				F5E3D9AE2A271E2F0004736E /* KeyboardExtensionIntroduction.swift */,
				F5E3D9B02A27434E0004736E /* KeyboardExtensionConfigIntroduction.swift */,
				F543A92629C444AC000C61B5 /* AcknowledgmentView.swift */,
				F5FFE97029F658F200AD4C91 /* MacOSSettingsView.swift */,
			);
			path = Settings;
			sourceTree = "<group>";
		};
		F5E47F0029B6176E0083BB31 /* Components */ = {
			isa = PBXGroup;
			children = (
				F5E47F0129B6178F0083BB31 /* CopyrightView.swift */,
				F58E53A029DBFC720022E979 /* MessageContent.swift */,
				F543A92429C44131000C61B5 /* SplashCodeSyntaxHighlighter.swift */,
				F5FFE96E29F64F9000AD4C91 /* UniformProgressView.swift */,
			);
			path = Components;
			sourceTree = "<group>";
		};
		F5FFE97629FA575E00AD4C91 /* QRCode */ = {
			isa = PBXGroup;
			children = (
				F5FFE97729FA577500AD4C91 /* QRCodeFeature.swift */,
				F5FFE97929FA57AD00AD4C91 /* QRCodeScannerButton.swift */,
				F5FFE97E29FA6C6200AD4C91 /* QRCodeScanningView.swift */,
			);
			path = QRCode;
			sourceTree = "<group>";
		};
/* End PBXGroup section */

/* Begin PBXNativeTarget section */
		F53D79132A062AE500CBFAD1 /* Keyboard */ = {
			isa = PBXNativeTarget;
			buildConfigurationList = F53D791C2A062AE500CBFAD1 /* Build configuration list for PBXNativeTarget "Keyboard" */;
			buildPhases = (
				F53D79102A062AE500CBFAD1 /* Sources */,
				F53D79112A062AE500CBFAD1 /* Frameworks */,
				F53D79122A062AE500CBFAD1 /* Resources */,
			);
			buildRules = (
			);
			dependencies = (
			);
			name = Keyboard;
			packageProductDependencies = (
				F5E3D99A2A2598450004736E /* LDSwiftEventSource */,
				F5E3D99C2A2598450004736E /* Splash */,
				F5E3D99E2A2598450004736E /* MarkdownUI */,
				F5E3D9A02A2598450004736E /* GPT3 Tokenizer */,
				F5B04E7D2A334FB500B10644 /* SwiftSoup */,
			);
			productName = Keyboard;
			productReference = F53D79142A062AE500CBFAD1 /* Keyboard.appex */;
			productType = "com.apple.product-type.app-extension";
		};
		F567A31529D6935D00057582 /* Share */ = {
			isa = PBXNativeTarget;
			buildConfigurationList = F567A32429D6935D00057582 /* Build configuration list for PBXNativeTarget "Share" */;
			buildPhases = (
				F567A31229D6935D00057582 /* Sources */,
				F567A31329D6935D00057582 /* Frameworks */,
				F567A31429D6935D00057582 /* Resources */,
			);
			buildRules = (
			);
			dependencies = (
			);
			name = Share;
			packageProductDependencies = (
				F567A34429D6CF5F00057582 /* GPT3 Tokenizer */,
				F567A34629D6CF6300057582 /* LDSwiftEventSource */,
				F58E53A429DBFE640022E979 /* Splash */,
				F58E53A629DBFE6B0022E979 /* MarkdownUI */,
				F5B04E7B2A334FAC00B10644 /* SwiftSoup */,
			);
			productName = Share;
			productReference = F567A31629D6935D00057582 /* Share.appex */;
			productType = "com.apple.product-type.app-extension";
		};
		F5E47E8F29B497A60083BB31 /* AssisChat */ = {
			isa = PBXNativeTarget;
			buildConfigurationList = F5E47EBA29B497A60083BB31 /* Build configuration list for PBXNativeTarget "AssisChat" */;
			buildPhases = (
				F5E47E8C29B497A60083BB31 /* Sources */,
				F5E47E8D29B497A60083BB31 /* Frameworks */,
				F5E47E8E29B497A60083BB31 /* Resources */,
				F567A32129D6935D00057582 /* Embed Foundation Extensions */,
			);
			buildRules = (
			);
			dependencies = (
				F567A31F29D6935D00057582 /* PBXTargetDependency */,
				F53D791A2A062AE500CBFAD1 /* PBXTargetDependency */,
			);
			name = AssisChat;
			packageProductDependencies = (
				F5E47F1B29B721AA0083BB31 /* LDSwiftEventSource */,
				F5779EE429B8246800CC70B0 /* Splash */,
				F5F2948229CB3CEC005D63CB /* MarkdownUI */,
				F5F2948529CB3D02005D63CB /* GPT3 Tokenizer */,
				F5FFE97C29FA601300AD4C91 /* CodeScanner */,
				F53D790E2A03FA8200CBFAD1 /* LottieSwiftUI */,
				F574CAFF2A3321AE002AA67C /* SwiftSoup */,
			);
			productName = AssisChat;
			productReference = F5E47E9029B497A60083BB31 /* AssisChat.app */;
			productType = "com.apple.product-type.application";
		};
		F5E47EA529B497A60083BB31 /* AssisChatTests */ = {
			isa = PBXNativeTarget;
			buildConfigurationList = F5E47EBD29B497A60083BB31 /* Build configuration list for PBXNativeTarget "AssisChatTests" */;
			buildPhases = (
				F5E47EA229B497A60083BB31 /* Sources */,
				F5E47EA329B497A60083BB31 /* Frameworks */,
				F5E47EA429B497A60083BB31 /* Resources */,
			);
			buildRules = (
			);
			dependencies = (
				F5E47EA829B497A60083BB31 /* PBXTargetDependency */,
			);
			name = AssisChatTests;
			productName = AssisChatTests;
			productReference = F5E47EA629B497A60083BB31 /* AssisChatTests.xctest */;
			productType = "com.apple.product-type.bundle.unit-test";
		};
		F5E47EAF29B497A60083BB31 /* AssisChatUITests */ = {
			isa = PBXNativeTarget;
			buildConfigurationList = F5E47EC029B497A60083BB31 /* Build configuration list for PBXNativeTarget "AssisChatUITests" */;
			buildPhases = (
				F5E47EAC29B497A60083BB31 /* Sources */,
				F5E47EAD29B497A60083BB31 /* Frameworks */,
				F5E47EAE29B497A60083BB31 /* Resources */,
			);
			buildRules = (
			);
			dependencies = (
				F5E47EB229B497A60083BB31 /* PBXTargetDependency */,
			);
			name = AssisChatUITests;
			productName = AssisChatUITests;
			productReference = F5E47EB029B497A60083BB31 /* AssisChatUITests.xctest */;
			productType = "com.apple.product-type.bundle.ui-testing";
		};
/* End PBXNativeTarget section */

/* Begin PBXProject section */
		F5E47E8829B497A60083BB31 /* Project object */ = {
			isa = PBXProject;
			attributes = {
				BuildIndependentTargetsInParallel = 1;
				LastSwiftUpdateCheck = 1430;
				LastUpgradeCheck = 1430;
				TargetAttributes = {
					F53D79132A062AE500CBFAD1 = {
						CreatedOnToolsVersion = 14.3;
					};
					F567A31529D6935D00057582 = {
						CreatedOnToolsVersion = 14.2;
					};
					F5E47E8F29B497A60083BB31 = {
						CreatedOnToolsVersion = 14.2;
					};
					F5E47EA529B497A60083BB31 = {
						CreatedOnToolsVersion = 14.2;
						TestTargetID = F5E47E8F29B497A60083BB31;
					};
					F5E47EAF29B497A60083BB31 = {
						CreatedOnToolsVersion = 14.2;
						TestTargetID = F5E47E8F29B497A60083BB31;
					};
				};
			};
			buildConfigurationList = F5E47E8B29B497A60083BB31 /* Build configuration list for PBXProject "AssisChat" */;
			compatibilityVersion = "Xcode 14.0";
			developmentRegion = en;
			hasScannedForEncodings = 0;
			knownRegions = (
				en,
				"zh-Hans",
				"zh-Hant",
				Base,
			);
			mainGroup = F5E47E8729B497A60083BB31;
			packageReferences = (
				F5E47F1A29B721AA0083BB31 /* XCRemoteSwiftPackageReference "swift-eventsource" */,
				F5779EE329B8246800CC70B0 /* XCRemoteSwiftPackageReference "Splash" */,
				F5F2948129CB3CEC005D63CB /* XCRemoteSwiftPackageReference "swift-markdown-ui" */,
				F5F2948429CB3D02005D63CB /* XCRemoteSwiftPackageReference "GPT3-Tokenizer" */,
				F5FFE97B29FA601300AD4C91 /* XCRemoteSwiftPackageReference "CodeScanner" */,
				F53D790D2A03FA8200CBFAD1 /* XCRemoteSwiftPackageReference "Lottie-SwiftUI" */,
				F574CAFE2A3321AE002AA67C /* XCRemoteSwiftPackageReference "SwiftSoup" */,
			);
			productRefGroup = F5E47E9129B497A60083BB31 /* Products */;
			projectDirPath = "";
			projectRoot = "";
			targets = (
				F5E47E8F29B497A60083BB31 /* AssisChat */,
				F567A31529D6935D00057582 /* Share */,
				F53D79132A062AE500CBFAD1 /* Keyboard */,
				F5E47EA529B497A60083BB31 /* AssisChatTests */,
				F5E47EAF29B497A60083BB31 /* AssisChatUITests */,
			);
		};
/* End PBXProject section */

/* Begin PBXResourcesBuildPhase section */
		F53D79122A062AE500CBFAD1 /* Resources */ = {
			isa = PBXResourcesBuildPhase;
			buildActionMask = 2147483647;
			files = (
				F5E3D9A22A25A5170004736E /* Assets.xcassets in Resources */,
				F5E3D9A92A25C9470004736E /* Localizable.strings in Resources */,
				F5E3D9A62A25C9470004736E /* InfoPlist.strings in Resources */,
			);
			runOnlyForDeploymentPostprocessing = 0;
		};
		F567A31429D6935D00057582 /* Resources */ = {
			isa = PBXResourcesBuildPhase;
			buildActionMask = 2147483647;
			files = (
				F567A33629D6C9C900057582 /* Assets.xcassets in Resources */,
				F58E53AD29DC17040022E979 /* Localizable.strings in Resources */,
			);
			runOnlyForDeploymentPostprocessing = 0;
		};
		F5E47E8E29B497A60083BB31 /* Resources */ = {
			isa = PBXResourcesBuildPhase;
			buildActionMask = 2147483647;
			files = (
				F5E47EA129B497A60083BB31 /* Preview Assets.xcassets in Resources */,
				F5E47F1F29B7562B0083BB31 /* Localizable.strings in Resources */,
				F5E47EFC29B5D2870083BB31 /* .gitignore in Resources */,
				F5E47E9D29B497A60083BB31 /* Assets.xcassets in Resources */,
				F5FFE98229FAAD9400AD4C91 /* InfoPlist.strings in Resources */,
			);
			runOnlyForDeploymentPostprocessing = 0;
		};
		F5E47EA429B497A60083BB31 /* Resources */ = {
			isa = PBXResourcesBuildPhase;
			buildActionMask = 2147483647;
			files = (
			);
			runOnlyForDeploymentPostprocessing = 0;
		};
		F5E47EAE29B497A60083BB31 /* Resources */ = {
			isa = PBXResourcesBuildPhase;
			buildActionMask = 2147483647;
			files = (
			);
			runOnlyForDeploymentPostprocessing = 0;
		};
/* End PBXResourcesBuildPhase section */

/* Begin PBXSourcesBuildPhase section */
		F53D79102A062AE500CBFAD1 /* Sources */ = {
			isa = PBXSourcesBuildPhase;
			buildActionMask = 2147483647;
			files = (
				F5E3D9922A2597910004736E /* Clipboard.swift in Sources */,
				F5E3D9A32A25A51E0004736E /* AssisChat.xcdatamodeld in Sources */,
				F5E3D9932A2597A30004736E /* SharedUserDefaults.swift in Sources */,
				F53D79172A062AE500CBFAD1 /* KeyboardViewController.swift in Sources */,
				F53D79202A0BCA1F00CBFAD1 /* KeyboardView.swift in Sources */,
				F5E3D9912A25978F0004736E /* Haptics.swift in Sources */,
				F5E3D9862A24B2080004736E /* Message+CoreDataProperties.swift in Sources */,
				F5E3D9882A24B20D0004736E /* Chat+CoreDataProperties.swift in Sources */,
				F5E3D9972A2597E60004736E /* ChatGPTAdapter.swift in Sources */,
				F5E3D98C2A24BE200004736E /* MessageFeature.swift in Sources */,
				F5E3D98D2A24BE250004736E /* SettingsFeature.swift in Sources */,
				F5E3D9942A2597A60004736E /* Persistence.swift in Sources */,
				F5E3D9992A25982C0004736E /* MessageContent.swift in Sources */,
				F5E3D9952A2597AC0004736E /* AppGroup.swift in Sources */,
				F5E3D9902A2597400004736E /* View+Extensions.swift in Sources */,
				F5E3D98B2A24BE1C0004736E /* ChatFeature.swift in Sources */,
				F5E3D9832A2483140004736E /* KeyboardViewModel.swift in Sources */,
				F5E3D98A2A24BE170004736E /* EssentialFeature.swift in Sources */,
				F5E3D9872A24B20A0004736E /* Chat+CoreDataClass.swift in Sources */,
				F5E3D9842A2485690004736E /* Color+Extensions.swift in Sources */,
				F5E3D9982A2597E90004736E /* ClaudeAdapter.swift in Sources */,
				F5E3D9892A24BE130004736E /* ChattingFeature.swift in Sources */,
				F5E3D98F2A24BE5A0004736E /* SplashCodeSyntaxHighlighter.swift in Sources */,
				F5E3D9852A24B2050004736E /* Message+CoreDataClass.swift in Sources */,
			);
			runOnlyForDeploymentPostprocessing = 0;
		};
		F567A31229D6935D00057582 /* Sources */ = {
			isa = PBXSourcesBuildPhase;
			buildActionMask = 2147483647;
			files = (
				F5F290EA29DA6A58001F6648 /* MessageFeature.swift in Sources */,
				F58E539F29DBF9530022E979 /* SharedUserDefaults.swift in Sources */,
				F5F290E329D92AF9001F6648 /* Persistence.swift in Sources */,
				F5F290E829DA6A38001F6648 /* SettingsFeature.swift in Sources */,
				F58E539C29DBF7950022E979 /* AppGroup.swift in Sources */,
				F5F290EC29DA6A74001F6648 /* ChatGPTAdapter.swift in Sources */,
				F5F290EB29DA6A62001F6648 /* EssentialFeature.swift in Sources */,
				F567A33F29D6CD9000057582 /* Chat+CoreDataClass.swift in Sources */,
				F5F290E229D92AF2001F6648 /* ShareViewController.swift in Sources */,
				F5F290E929DA6A54001F6648 /* ChatFeature.swift in Sources */,
				F58E53A329DBFDC00022E979 /* View+Extensions.swift in Sources */,
				F567A32629D693EC00057582 /* ShareView.swift in Sources */,
				F58E53A829DBFF000022E979 /* SplashCodeSyntaxHighlighter.swift in Sources */,
				F58E53A229DBFCD50022E979 /* MessageContent.swift in Sources */,
				F567A34B29D6DC4C00057582 /* Haptics.swift in Sources */,
				F567A33E29D6CD9000057582 /* Message+CoreDataProperties.swift in Sources */,
				F567A31929D6935D00057582 /* HostingShareViewController.swift in Sources */,
				F567A34829D6D4E000057582 /* AssisChat.xcdatamodeld in Sources */,
				F55B65B729EFD33A00F93F6D /* Clipboard.swift in Sources */,
				F567A33D29D6CD9000057582 /* Chat+CoreDataProperties.swift in Sources */,
				F55B65B429EFC5C900F93F6D /* ClaudeAdapter.swift in Sources */,
				F5F290E729DA6A35001F6648 /* ChattingFeature.swift in Sources */,
				F567A33529D6C99900057582 /* Color+Extensions.swift in Sources */,
				F567A33C29D6CD9000057582 /* Message+CoreDataClass.swift in Sources */,
			);
			runOnlyForDeploymentPostprocessing = 0;
		};
		F5E47E8C29B497A60083BB31 /* Sources */ = {
			isa = PBXSourcesBuildPhase;
			buildActionMask = 2147483647;
			files = (
				F543A92929C46BE8000C61B5 /* SymbolVariantSelector.swift in Sources */,
				F5E47EDB29B49B880083BB31 /* ChatsView.swift in Sources */,
				F5F2947D29C757C8005D63CB /* ProIntroductionView.swift in Sources */,
				F543A92529C44131000C61B5 /* SplashCodeSyntaxHighlighter.swift in Sources */,
				F5E47F0229B6178F0083BB31 /* CopyrightView.swift in Sources */,
				F5C6094529BA366D00862071 /* NewChatView.swift in Sources */,
				F5E47EEC29B4EA0A0083BB31 /* MessageFeature.swift in Sources */,
				F5E47EFA29B5B6470083BB31 /* ChatSourceConfigView.swift in Sources */,
				F543A92729C444AC000C61B5 /* AcknowledgmentView.swift in Sources */,
				F5E47EE729B4E8FB0083BB31 /* ChattingFeature.swift in Sources */,
				F5FFE97F29FA6C6200AD4C91 /* QRCodeScanningView.swift in Sources */,
				F58E53A129DBFC720022E979 /* MessageContent.swift in Sources */,
				F5E47E9429B497A60083BB31 /* AssisChatApp.swift in Sources */,
				F5E47F0D29B706FF0083BB31 /* ChatEditor.swift in Sources */,
				F5E47EE229B49D0E0083BB31 /* Haptics.swift in Sources */,
				F5E3D9AF2A271E2F0004736E /* KeyboardExtensionIntroduction.swift in Sources */,
				F5E47E9929B497A60083BB31 /* AssisChat.xcdatamodeld in Sources */,
				F5E47ECF29B498290083BB31 /* Color+Extensions.swift in Sources */,
				F5FFE96F29F64F9000AD4C91 /* UniformProgressView.swift in Sources */,
				F5E47EEF29B4F5A80083BB31 /* ChatGPTAdapter.swift in Sources */,
				F5B2554D29B8A56D0008DAA3 /* SelectChatHintView.swift in Sources */,
				F5E47EE929B4E9090083BB31 /* ChattingView.swift in Sources */,
				F5E47EFF29B5D8B80083BB31 /* View+Extensions.swift in Sources */,
				F5E47EF429B5AC380083BB31 /* SettingsView.swift in Sources */,
				F5E47EE429B49DF90083BB31 /* ChatIconSelector.swift in Sources */,
				F5E47F0F29B708D00083BB31 /* EditChatView.swift in Sources */,
				F5E47ECB29B497FB0083BB31 /* Message+CoreDataProperties.swift in Sources */,
				F5E47ECD29B497FB0083BB31 /* Chat+CoreDataProperties.swift in Sources */,
				F5E47E9B29B497A60083BB31 /* ContentView.swift in Sources */,
				F5E47ED329B498550083BB31 /* Notification+Extensions.swift in Sources */,
				F5E47ECC29B497FB0083BB31 /* Chat+CoreDataClass.swift in Sources */,
				F5E47EF229B5A6AB0083BB31 /* SettingsFeature.swift in Sources */,
				F5E47ED929B4990A0083BB31 /* ChatFeature.swift in Sources */,
				F5F2947F29C859BC005D63CB /* ProBadge.swift in Sources */,
				F5E47F0429B617AF0083BB31 /* Bundle+Extensions.swift in Sources */,
				F5E47ED129B4983D0083BB31 /* Dictionary+Extensions.swift in Sources */,
				F5FFE97829FA577500AD4C91 /* QRCodeFeature.swift in Sources */,
				F5E47ED629B498E20083BB31 /* EssentialFeature.swift in Sources */,
				F543A92D29C53749000C61B5 /* ProFeature.swift in Sources */,
				F5E47E9629B497A60083BB31 /* Persistence.swift in Sources */,
				F5E47EF829B5B2320083BB31 /* TintSelector.swift in Sources */,
				F5E47EDD29B49B9C0083BB31 /* CustomNewChatView.swift in Sources */,
				F5E3D9B12A27434E0004736E /* KeyboardExtensionConfigIntroduction.swift in Sources */,
				F5E3D9AD2A271DFD0004736E /* ShareExtensionIntroduction.swift in Sources */,
				F5FFE97A29FA57AD00AD4C91 /* QRCodeScannerButton.swift in Sources */,
				F58E539E29DBF7C50022E979 /* SharedUserDefaults.swift in Sources */,
				F5E47EDF29B49CCA0083BB31 /* ColorSelector.swift in Sources */,
				F58E539B29DBF7380022E979 /* AppGroup.swift in Sources */,
				F55B65B229ED0D4900F93F6D /* ClaudeAdapter.swift in Sources */,
				F5FFE97129F658F200AD4C91 /* MacOSSettingsView.swift in Sources */,
				F55B65B629EFD33A00F93F6D /* Clipboard.swift in Sources */,
				F58E53AA29DC155B0022E979 /* ChatPreset.swift in Sources */,
				F5E47F0B29B7002D0083BB31 /* ChatDetailView.swift in Sources */,
				F5E47EF629B5B1B10083BB31 /* ColorSchemeSelector.swift in Sources */,
				F5F2947B29C74400005D63CB /* ProBanner.swift in Sources */,
				F5E47ECA29B497FB0083BB31 /* Message+CoreDataClass.swift in Sources */,
			);
			runOnlyForDeploymentPostprocessing = 0;
		};
		F5E47EA229B497A60083BB31 /* Sources */ = {
			isa = PBXSourcesBuildPhase;
			buildActionMask = 2147483647;
			files = (
				F5E47EAB29B497A60083BB31 /* AssisChatTests.swift in Sources */,
			);
			runOnlyForDeploymentPostprocessing = 0;
		};
		F5E47EAC29B497A60083BB31 /* Sources */ = {
			isa = PBXSourcesBuildPhase;
			buildActionMask = 2147483647;
			files = (
				F5E47EB729B497A60083BB31 /* AssisChatUITestsLaunchTests.swift in Sources */,
				F5E47EB529B497A60083BB31 /* AssisChatUITests.swift in Sources */,
			);
			runOnlyForDeploymentPostprocessing = 0;
		};
/* End PBXSourcesBuildPhase section */

/* Begin PBXTargetDependency section */
		F53D791A2A062AE500CBFAD1 /* PBXTargetDependency */ = {
			isa = PBXTargetDependency;
			platformFilter = ios;
			target = F53D79132A062AE500CBFAD1 /* Keyboard */;
			targetProxy = F53D79192A062AE500CBFAD1 /* PBXContainerItemProxy */;
		};
		F567A31F29D6935D00057582 /* PBXTargetDependency */ = {
			isa = PBXTargetDependency;
			platformFilter = ios;
			target = F567A31529D6935D00057582 /* Share */;
			targetProxy = F567A31E29D6935D00057582 /* PBXContainerItemProxy */;
		};
		F5E47EA829B497A60083BB31 /* PBXTargetDependency */ = {
			isa = PBXTargetDependency;
			target = F5E47E8F29B497A60083BB31 /* AssisChat */;
			targetProxy = F5E47EA729B497A60083BB31 /* PBXContainerItemProxy */;
		};
		F5E47EB229B497A60083BB31 /* PBXTargetDependency */ = {
			isa = PBXTargetDependency;
			target = F5E47E8F29B497A60083BB31 /* AssisChat */;
			targetProxy = F5E47EB129B497A60083BB31 /* PBXContainerItemProxy */;
		};
/* End PBXTargetDependency section */

/* Begin PBXVariantGroup section */
		F58E53AB29DC17040022E979 /* Localizable.strings */ = {
			isa = PBXVariantGroup;
			children = (
				F58E53AC29DC17040022E979 /* zh-Hans */,
				F58E53AE29DC17110022E979 /* en */,
				F58E53AF29DC17130022E979 /* zh-Hant */,
			);
			name = Localizable.strings;
			sourceTree = "<group>";
		};
		F5E3D9A42A25C9470004736E /* InfoPlist.strings */ = {
			isa = PBXVariantGroup;
			children = (
				F5E3D9A52A25C9470004736E /* zh-Hans */,
				F5E3D9AA2A25C94F0004736E /* zh-Hant */,
			);
			name = InfoPlist.strings;
			sourceTree = "<group>";
		};
		F5E3D9A72A25C9470004736E /* Localizable.strings */ = {
			isa = PBXVariantGroup;
			children = (
				F5E3D9A82A25C9470004736E /* zh-Hans */,
				F5E3D9AB2A25C9690004736E /* zh-Hant */,
			);
			name = Localizable.strings;
			sourceTree = "<group>";
		};
		F5E47F2129B7562B0083BB31 /* Localizable.strings */ = {
			isa = PBXVariantGroup;
			children = (
				F5E47F2029B7562B0083BB31 /* en */,
				F5E47F2229B756300083BB31 /* zh-Hans */,
				F5E47F2329B756310083BB31 /* zh-Hant */,
			);
			name = Localizable.strings;
			sourceTree = "<group>";
		};
		F5FFE98029FAAD9400AD4C91 /* InfoPlist.strings */ = {
			isa = PBXVariantGroup;
			children = (
				F5FFE98129FAAD9400AD4C91 /* zh-Hans */,
				F5FFE98329FAAF3F00AD4C91 /* zh-Hant */,
			);
			name = InfoPlist.strings;
			sourceTree = "<group>";
		};
/* End PBXVariantGroup section */

/* Begin XCBuildConfiguration section */
		F53D791D2A062AE500CBFAD1 /* Debug */ = {
			isa = XCBuildConfiguration;
			buildSettings = {
				CODE_SIGN_ENTITLEMENTS = Keyboard/Keyboard.entitlements;
				CODE_SIGN_STYLE = Automatic;
				CURRENT_PROJECT_VERSION = 1;
				DEVELOPMENT_TEAM = WFH889Q789;
				GENERATE_INFOPLIST_FILE = YES;
				INFOPLIST_FILE = Keyboard/Info.plist;
				INFOPLIST_KEY_CFBundleDisplayName = AssisChat;
				INFOPLIST_KEY_NSHumanReadableCopyright = "";
				IPHONEOS_DEPLOYMENT_TARGET = 15.0;
				LD_RUNPATH_SEARCH_PATHS = (
					"$(inherited)",
					"@executable_path/Frameworks",
					"@executable_path/../../Frameworks",
				);
				MARKETING_VERSION = 1.0;
				PRODUCT_BUNDLE_IDENTIFIER = com.noobnooc.AssisChat.Keyboard;
				PRODUCT_NAME = "$(TARGET_NAME)";
				SDKROOT = iphoneos;
				SKIP_INSTALL = YES;
				SWIFT_EMIT_LOC_STRINGS = YES;
				SWIFT_VERSION = 5.0;
				TARGETED_DEVICE_FAMILY = "1,2";
			};
			name = Debug;
		};
		F53D791E2A062AE500CBFAD1 /* Release */ = {
			isa = XCBuildConfiguration;
			buildSettings = {
				CODE_SIGN_ENTITLEMENTS = Keyboard/Keyboard.entitlements;
				CODE_SIGN_STYLE = Automatic;
				CURRENT_PROJECT_VERSION = 1;
				DEVELOPMENT_TEAM = WFH889Q789;
				GENERATE_INFOPLIST_FILE = YES;
				INFOPLIST_FILE = Keyboard/Info.plist;
				INFOPLIST_KEY_CFBundleDisplayName = AssisChat;
				INFOPLIST_KEY_NSHumanReadableCopyright = "";
				IPHONEOS_DEPLOYMENT_TARGET = 15.0;
				LD_RUNPATH_SEARCH_PATHS = (
					"$(inherited)",
					"@executable_path/Frameworks",
					"@executable_path/../../Frameworks",
				);
				MARKETING_VERSION = 1.0;
				PRODUCT_BUNDLE_IDENTIFIER = com.noobnooc.AssisChat.Keyboard;
				PRODUCT_NAME = "$(TARGET_NAME)";
				SDKROOT = iphoneos;
				SKIP_INSTALL = YES;
				SWIFT_EMIT_LOC_STRINGS = YES;
				SWIFT_VERSION = 5.0;
				TARGETED_DEVICE_FAMILY = "1,2";
				VALIDATE_PRODUCT = YES;
			};
			name = Release;
		};
		F567A32229D6935D00057582 /* Debug */ = {
			isa = XCBuildConfiguration;
			buildSettings = {
				CODE_SIGN_ENTITLEMENTS = Share/Share.entitlements;
				CODE_SIGN_STYLE = Automatic;
				CURRENT_PROJECT_VERSION = 1;
				DEVELOPMENT_TEAM = WFH889Q789;
				GENERATE_INFOPLIST_FILE = YES;
				INFOPLIST_FILE = Share/Info.plist;
				INFOPLIST_KEY_CFBundleDisplayName = "AssisChat Share Extension";
				INFOPLIST_KEY_NSHumanReadableCopyright = "";
				IPHONEOS_DEPLOYMENT_TARGET = 15.0;
				LD_RUNPATH_SEARCH_PATHS = (
					"$(inherited)",
					"@executable_path/Frameworks",
					"@executable_path/../../Frameworks",
				);
				MARKETING_VERSION = 1.5;
				PRODUCT_BUNDLE_IDENTIFIER = com.noobnooc.AssisChat.Share;
				PRODUCT_NAME = "$(TARGET_NAME)";
				SDKROOT = iphoneos;
				SKIP_INSTALL = YES;
				SWIFT_EMIT_LOC_STRINGS = YES;
				SWIFT_VERSION = 5.0;
				TARGETED_DEVICE_FAMILY = "1,2";
			};
			name = Debug;
		};
		F567A32329D6935D00057582 /* Release */ = {
			isa = XCBuildConfiguration;
			buildSettings = {
				CODE_SIGN_ENTITLEMENTS = Share/Share.entitlements;
				CODE_SIGN_STYLE = Automatic;
				CURRENT_PROJECT_VERSION = 1;
				DEVELOPMENT_TEAM = WFH889Q789;
				GENERATE_INFOPLIST_FILE = YES;
				INFOPLIST_FILE = Share/Info.plist;
				INFOPLIST_KEY_CFBundleDisplayName = "AssisChat Share Extension";
				INFOPLIST_KEY_NSHumanReadableCopyright = "";
				IPHONEOS_DEPLOYMENT_TARGET = 15.0;
				LD_RUNPATH_SEARCH_PATHS = (
					"$(inherited)",
					"@executable_path/Frameworks",
					"@executable_path/../../Frameworks",
				);
				MARKETING_VERSION = 1.5;
				PRODUCT_BUNDLE_IDENTIFIER = com.noobnooc.AssisChat.Share;
				PRODUCT_NAME = "$(TARGET_NAME)";
				SDKROOT = iphoneos;
				SKIP_INSTALL = YES;
				SWIFT_EMIT_LOC_STRINGS = YES;
				SWIFT_VERSION = 5.0;
				TARGETED_DEVICE_FAMILY = "1,2";
				VALIDATE_PRODUCT = YES;
			};
			name = Release;
		};
		F5E47EB829B497A60083BB31 /* Debug */ = {
			isa = XCBuildConfiguration;
			buildSettings = {
				ALWAYS_SEARCH_USER_PATHS = NO;
				CLANG_ANALYZER_LOCALIZABILITY_NONLOCALIZED = YES;
				CLANG_ANALYZER_NONNULL = YES;
				CLANG_ANALYZER_NUMBER_OBJECT_CONVERSION = YES_AGGRESSIVE;
				CLANG_CXX_LANGUAGE_STANDARD = "gnu++20";
				CLANG_ENABLE_MODULES = YES;
				CLANG_ENABLE_OBJC_ARC = YES;
				CLANG_ENABLE_OBJC_WEAK = YES;
				CLANG_WARN_BLOCK_CAPTURE_AUTORELEASING = YES;
				CLANG_WARN_BOOL_CONVERSION = YES;
				CLANG_WARN_COMMA = YES;
				CLANG_WARN_CONSTANT_CONVERSION = YES;
				CLANG_WARN_DEPRECATED_OBJC_IMPLEMENTATIONS = YES;
				CLANG_WARN_DIRECT_OBJC_ISA_USAGE = YES_ERROR;
				CLANG_WARN_DOCUMENTATION_COMMENTS = YES;
				CLANG_WARN_EMPTY_BODY = YES;
				CLANG_WARN_ENUM_CONVERSION = YES;
				CLANG_WARN_INFINITE_RECURSION = YES;
				CLANG_WARN_INT_CONVERSION = YES;
				CLANG_WARN_NON_LITERAL_NULL_CONVERSION = YES;
				CLANG_WARN_OBJC_IMPLICIT_RETAIN_SELF = YES;
				CLANG_WARN_OBJC_LITERAL_CONVERSION = YES;
				CLANG_WARN_OBJC_ROOT_CLASS = YES_ERROR;
				CLANG_WARN_QUOTED_INCLUDE_IN_FRAMEWORK_HEADER = YES;
				CLANG_WARN_RANGE_LOOP_ANALYSIS = YES;
				CLANG_WARN_STRICT_PROTOTYPES = YES;
				CLANG_WARN_SUSPICIOUS_MOVE = YES;
				CLANG_WARN_UNGUARDED_AVAILABILITY = YES_AGGRESSIVE;
				CLANG_WARN_UNREACHABLE_CODE = YES;
				CLANG_WARN__DUPLICATE_METHOD_MATCH = YES;
				COPY_PHASE_STRIP = NO;
				DEAD_CODE_STRIPPING = YES;
				DEBUG_INFORMATION_FORMAT = dwarf;
				ENABLE_STRICT_OBJC_MSGSEND = YES;
				ENABLE_TESTABILITY = YES;
				GCC_C_LANGUAGE_STANDARD = gnu11;
				GCC_DYNAMIC_NO_PIC = NO;
				GCC_NO_COMMON_BLOCKS = YES;
				GCC_OPTIMIZATION_LEVEL = 0;
				GCC_PREPROCESSOR_DEFINITIONS = (
					"DEBUG=1",
					"$(inherited)",
				);
				GCC_WARN_64_TO_32_BIT_CONVERSION = YES;
				GCC_WARN_ABOUT_RETURN_TYPE = YES_ERROR;
				GCC_WARN_UNDECLARED_SELECTOR = YES;
				GCC_WARN_UNINITIALIZED_AUTOS = YES_AGGRESSIVE;
				GCC_WARN_UNUSED_FUNCTION = YES;
				GCC_WARN_UNUSED_VARIABLE = YES;
				MTL_ENABLE_DEBUG_INFO = INCLUDE_SOURCE;
				MTL_FAST_MATH = YES;
				ONLY_ACTIVE_ARCH = YES;
				SWIFT_ACTIVE_COMPILATION_CONDITIONS = DEBUG;
				SWIFT_EMIT_LOC_STRINGS = NO;
				SWIFT_OPTIMIZATION_LEVEL = "-Onone";
			};
			name = Debug;
		};
		F5E47EB929B497A60083BB31 /* Release */ = {
			isa = XCBuildConfiguration;
			buildSettings = {
				ALWAYS_SEARCH_USER_PATHS = NO;
				CLANG_ANALYZER_LOCALIZABILITY_NONLOCALIZED = YES;
				CLANG_ANALYZER_NONNULL = YES;
				CLANG_ANALYZER_NUMBER_OBJECT_CONVERSION = YES_AGGRESSIVE;
				CLANG_CXX_LANGUAGE_STANDARD = "gnu++20";
				CLANG_ENABLE_MODULES = YES;
				CLANG_ENABLE_OBJC_ARC = YES;
				CLANG_ENABLE_OBJC_WEAK = YES;
				CLANG_WARN_BLOCK_CAPTURE_AUTORELEASING = YES;
				CLANG_WARN_BOOL_CONVERSION = YES;
				CLANG_WARN_COMMA = YES;
				CLANG_WARN_CONSTANT_CONVERSION = YES;
				CLANG_WARN_DEPRECATED_OBJC_IMPLEMENTATIONS = YES;
				CLANG_WARN_DIRECT_OBJC_ISA_USAGE = YES_ERROR;
				CLANG_WARN_DOCUMENTATION_COMMENTS = YES;
				CLANG_WARN_EMPTY_BODY = YES;
				CLANG_WARN_ENUM_CONVERSION = YES;
				CLANG_WARN_INFINITE_RECURSION = YES;
				CLANG_WARN_INT_CONVERSION = YES;
				CLANG_WARN_NON_LITERAL_NULL_CONVERSION = YES;
				CLANG_WARN_OBJC_IMPLICIT_RETAIN_SELF = YES;
				CLANG_WARN_OBJC_LITERAL_CONVERSION = YES;
				CLANG_WARN_OBJC_ROOT_CLASS = YES_ERROR;
				CLANG_WARN_QUOTED_INCLUDE_IN_FRAMEWORK_HEADER = YES;
				CLANG_WARN_RANGE_LOOP_ANALYSIS = YES;
				CLANG_WARN_STRICT_PROTOTYPES = YES;
				CLANG_WARN_SUSPICIOUS_MOVE = YES;
				CLANG_WARN_UNGUARDED_AVAILABILITY = YES_AGGRESSIVE;
				CLANG_WARN_UNREACHABLE_CODE = YES;
				CLANG_WARN__DUPLICATE_METHOD_MATCH = YES;
				COPY_PHASE_STRIP = NO;
				DEAD_CODE_STRIPPING = YES;
				DEBUG_INFORMATION_FORMAT = "dwarf-with-dsym";
				ENABLE_NS_ASSERTIONS = NO;
				ENABLE_STRICT_OBJC_MSGSEND = YES;
				GCC_C_LANGUAGE_STANDARD = gnu11;
				GCC_NO_COMMON_BLOCKS = YES;
				GCC_WARN_64_TO_32_BIT_CONVERSION = YES;
				GCC_WARN_ABOUT_RETURN_TYPE = YES_ERROR;
				GCC_WARN_UNDECLARED_SELECTOR = YES;
				GCC_WARN_UNINITIALIZED_AUTOS = YES_AGGRESSIVE;
				GCC_WARN_UNUSED_FUNCTION = YES;
				GCC_WARN_UNUSED_VARIABLE = YES;
				MTL_ENABLE_DEBUG_INFO = NO;
				MTL_FAST_MATH = YES;
				SWIFT_COMPILATION_MODE = wholemodule;
				SWIFT_EMIT_LOC_STRINGS = NO;
				SWIFT_OPTIMIZATION_LEVEL = "-O";
			};
			name = Release;
		};
		F5E47EBB29B497A60083BB31 /* Debug */ = {
			isa = XCBuildConfiguration;
			buildSettings = {
				ALWAYS_EMBED_SWIFT_STANDARD_LIBRARIES = YES;
				ASSETCATALOG_COMPILER_APPICON_NAME = AppIcon;
				ASSETCATALOG_COMPILER_GLOBAL_ACCENT_COLOR_NAME = AccentColor;
				CODE_SIGN_ENTITLEMENTS = AssisChat/AssisChat.entitlements;
				CODE_SIGN_STYLE = Automatic;
				CURRENT_PROJECT_VERSION = 1;
				DEAD_CODE_STRIPPING = YES;
				DEVELOPMENT_ASSET_PATHS = "\"AssisChat/Preview Content\"";
				DEVELOPMENT_TEAM = WFH889Q789;
				ENABLE_HARDENED_RUNTIME = YES;
				ENABLE_PREVIEWS = YES;
				GENERATE_INFOPLIST_FILE = YES;
				INFOPLIST_FILE = AssisChat/Info.plist;
				INFOPLIST_KEY_LSApplicationCategoryType = "public.app-category.reference";
				INFOPLIST_KEY_NSCameraUsageDescription = "Used for scanning QR codes to import configuration and other information.";
				"INFOPLIST_KEY_UIApplicationSceneManifest_Generation[sdk=iphoneos*]" = YES;
				"INFOPLIST_KEY_UIApplicationSceneManifest_Generation[sdk=iphonesimulator*]" = YES;
				"INFOPLIST_KEY_UIApplicationSupportsIndirectInputEvents[sdk=iphoneos*]" = YES;
				"INFOPLIST_KEY_UIApplicationSupportsIndirectInputEvents[sdk=iphonesimulator*]" = YES;
				"INFOPLIST_KEY_UILaunchScreen_Generation[sdk=iphoneos*]" = YES;
				"INFOPLIST_KEY_UILaunchScreen_Generation[sdk=iphonesimulator*]" = YES;
				"INFOPLIST_KEY_UIStatusBarStyle[sdk=iphoneos*]" = UIStatusBarStyleDefault;
				"INFOPLIST_KEY_UIStatusBarStyle[sdk=iphonesimulator*]" = UIStatusBarStyleDefault;
				INFOPLIST_KEY_UISupportedInterfaceOrientations = UIInterfaceOrientationPortrait;
				INFOPLIST_KEY_UISupportedInterfaceOrientations_iPad = "UIInterfaceOrientationLandscapeLeft UIInterfaceOrientationLandscapeRight UIInterfaceOrientationPortrait UIInterfaceOrientationPortraitUpsideDown";
				IPHONEOS_DEPLOYMENT_TARGET = 15.0;
				LD_RUNPATH_SEARCH_PATHS = "@executable_path/Frameworks";
				"LD_RUNPATH_SEARCH_PATHS[sdk=macosx*]" = "@executable_path/../Frameworks";
				MACOSX_DEPLOYMENT_TARGET = 13.0;
				MARKETING_VERSION = 1.6;
				PRODUCT_BUNDLE_IDENTIFIER = com.noobnooc.AssisChat;
				PRODUCT_NAME = "$(TARGET_NAME)";
				SDKROOT = auto;
				SUPPORTED_PLATFORMS = "iphoneos iphonesimulator macosx";
				SUPPORTS_MACCATALYST = NO;
				SUPPORTS_MAC_DESIGNED_FOR_IPHONE_IPAD = NO;
				SWIFT_EMIT_LOC_STRINGS = YES;
				SWIFT_VERSION = 5.0;
				TARGETED_DEVICE_FAMILY = "1,2";
			};
			name = Debug;
		};
		F5E47EBC29B497A60083BB31 /* Release */ = {
			isa = XCBuildConfiguration;
			buildSettings = {
				ALWAYS_EMBED_SWIFT_STANDARD_LIBRARIES = YES;
				ASSETCATALOG_COMPILER_APPICON_NAME = AppIcon;
				ASSETCATALOG_COMPILER_GLOBAL_ACCENT_COLOR_NAME = AccentColor;
				CODE_SIGN_ENTITLEMENTS = AssisChat/AssisChat.entitlements;
				CODE_SIGN_STYLE = Automatic;
				CURRENT_PROJECT_VERSION = 1;
				DEAD_CODE_STRIPPING = YES;
				DEVELOPMENT_ASSET_PATHS = "\"AssisChat/Preview Content\"";
				DEVELOPMENT_TEAM = WFH889Q789;
				ENABLE_HARDENED_RUNTIME = YES;
				ENABLE_PREVIEWS = YES;
				GENERATE_INFOPLIST_FILE = YES;
				INFOPLIST_FILE = AssisChat/Info.plist;
				INFOPLIST_KEY_LSApplicationCategoryType = "public.app-category.reference";
				INFOPLIST_KEY_NSCameraUsageDescription = "Used for scanning QR codes to import configuration and other information.";
				"INFOPLIST_KEY_UIApplicationSceneManifest_Generation[sdk=iphoneos*]" = YES;
				"INFOPLIST_KEY_UIApplicationSceneManifest_Generation[sdk=iphonesimulator*]" = YES;
				"INFOPLIST_KEY_UIApplicationSupportsIndirectInputEvents[sdk=iphoneos*]" = YES;
				"INFOPLIST_KEY_UIApplicationSupportsIndirectInputEvents[sdk=iphonesimulator*]" = YES;
				"INFOPLIST_KEY_UILaunchScreen_Generation[sdk=iphoneos*]" = YES;
				"INFOPLIST_KEY_UILaunchScreen_Generation[sdk=iphonesimulator*]" = YES;
				"INFOPLIST_KEY_UIStatusBarStyle[sdk=iphoneos*]" = UIStatusBarStyleDefault;
				"INFOPLIST_KEY_UIStatusBarStyle[sdk=iphonesimulator*]" = UIStatusBarStyleDefault;
				INFOPLIST_KEY_UISupportedInterfaceOrientations = UIInterfaceOrientationPortrait;
				INFOPLIST_KEY_UISupportedInterfaceOrientations_iPad = "UIInterfaceOrientationLandscapeLeft UIInterfaceOrientationLandscapeRight UIInterfaceOrientationPortrait UIInterfaceOrientationPortraitUpsideDown";
				IPHONEOS_DEPLOYMENT_TARGET = 15.0;
				LD_RUNPATH_SEARCH_PATHS = "@executable_path/Frameworks";
				"LD_RUNPATH_SEARCH_PATHS[sdk=macosx*]" = "@executable_path/../Frameworks";
				MACOSX_DEPLOYMENT_TARGET = 13.0;
				MARKETING_VERSION = 1.6;
				PRODUCT_BUNDLE_IDENTIFIER = com.noobnooc.AssisChat;
				PRODUCT_NAME = "$(TARGET_NAME)";
				SDKROOT = auto;
				SUPPORTED_PLATFORMS = "iphoneos iphonesimulator macosx";
				SUPPORTS_MACCATALYST = NO;
				SUPPORTS_MAC_DESIGNED_FOR_IPHONE_IPAD = NO;
				SWIFT_EMIT_LOC_STRINGS = YES;
				SWIFT_VERSION = 5.0;
				TARGETED_DEVICE_FAMILY = "1,2";
			};
			name = Release;
		};
		F5E47EBE29B497A60083BB31 /* Debug */ = {
			isa = XCBuildConfiguration;
			buildSettings = {
				ALWAYS_EMBED_SWIFT_STANDARD_LIBRARIES = YES;
				BUNDLE_LOADER = "$(TEST_HOST)";
				CODE_SIGN_STYLE = Automatic;
				CURRENT_PROJECT_VERSION = 1;
				DEAD_CODE_STRIPPING = YES;
				DEVELOPMENT_TEAM = WFH889Q789;
				GENERATE_INFOPLIST_FILE = YES;
				IPHONEOS_DEPLOYMENT_TARGET = 16.2;
				MACOSX_DEPLOYMENT_TARGET = 13.1;
				MARKETING_VERSION = 1.0;
				PRODUCT_BUNDLE_IDENTIFIER = com.example.nooc.AssisChatTests;
				PRODUCT_NAME = "$(TARGET_NAME)";
				SDKROOT = auto;
				SUPPORTED_PLATFORMS = "iphoneos iphonesimulator macosx";
				SWIFT_EMIT_LOC_STRINGS = NO;
				SWIFT_VERSION = 5.0;
				TARGETED_DEVICE_FAMILY = "1,2";
				TEST_HOST = "$(BUILT_PRODUCTS_DIR)/AssisChat.app/$(BUNDLE_EXECUTABLE_FOLDER_PATH)/AssisChat";
			};
			name = Debug;
		};
		F5E47EBF29B497A60083BB31 /* Release */ = {
			isa = XCBuildConfiguration;
			buildSettings = {
				ALWAYS_EMBED_SWIFT_STANDARD_LIBRARIES = YES;
				BUNDLE_LOADER = "$(TEST_HOST)";
				CODE_SIGN_STYLE = Automatic;
				CURRENT_PROJECT_VERSION = 1;
				DEAD_CODE_STRIPPING = YES;
				DEVELOPMENT_TEAM = WFH889Q789;
				GENERATE_INFOPLIST_FILE = YES;
				IPHONEOS_DEPLOYMENT_TARGET = 16.2;
				MACOSX_DEPLOYMENT_TARGET = 13.1;
				MARKETING_VERSION = 1.0;
				PRODUCT_BUNDLE_IDENTIFIER = com.example.nooc.AssisChatTests;
				PRODUCT_NAME = "$(TARGET_NAME)";
				SDKROOT = auto;
				SUPPORTED_PLATFORMS = "iphoneos iphonesimulator macosx";
				SWIFT_EMIT_LOC_STRINGS = NO;
				SWIFT_VERSION = 5.0;
				TARGETED_DEVICE_FAMILY = "1,2";
				TEST_HOST = "$(BUILT_PRODUCTS_DIR)/AssisChat.app/$(BUNDLE_EXECUTABLE_FOLDER_PATH)/AssisChat";
			};
			name = Release;
		};
		F5E47EC129B497A60083BB31 /* Debug */ = {
			isa = XCBuildConfiguration;
			buildSettings = {
				ALWAYS_EMBED_SWIFT_STANDARD_LIBRARIES = YES;
				CODE_SIGN_STYLE = Automatic;
				CURRENT_PROJECT_VERSION = 1;
				DEAD_CODE_STRIPPING = YES;
				DEVELOPMENT_TEAM = WFH889Q789;
				GENERATE_INFOPLIST_FILE = YES;
				IPHONEOS_DEPLOYMENT_TARGET = 16.2;
				MACOSX_DEPLOYMENT_TARGET = 13.1;
				MARKETING_VERSION = 1.0;
				PRODUCT_BUNDLE_IDENTIFIER = com.example.nooc.AssisChatUITests;
				PRODUCT_NAME = "$(TARGET_NAME)";
				SDKROOT = auto;
				SUPPORTED_PLATFORMS = "iphoneos iphonesimulator macosx";
				SWIFT_EMIT_LOC_STRINGS = NO;
				SWIFT_VERSION = 5.0;
				TARGETED_DEVICE_FAMILY = "1,2";
				TEST_TARGET_NAME = AssisChat;
			};
			name = Debug;
		};
		F5E47EC229B497A60083BB31 /* Release */ = {
			isa = XCBuildConfiguration;
			buildSettings = {
				ALWAYS_EMBED_SWIFT_STANDARD_LIBRARIES = YES;
				CODE_SIGN_STYLE = Automatic;
				CURRENT_PROJECT_VERSION = 1;
				DEAD_CODE_STRIPPING = YES;
				DEVELOPMENT_TEAM = WFH889Q789;
				GENERATE_INFOPLIST_FILE = YES;
				IPHONEOS_DEPLOYMENT_TARGET = 16.2;
				MACOSX_DEPLOYMENT_TARGET = 13.1;
				MARKETING_VERSION = 1.0;
				PRODUCT_BUNDLE_IDENTIFIER = com.example.nooc.AssisChatUITests;
				PRODUCT_NAME = "$(TARGET_NAME)";
				SDKROOT = auto;
				SUPPORTED_PLATFORMS = "iphoneos iphonesimulator macosx";
				SWIFT_EMIT_LOC_STRINGS = NO;
				SWIFT_VERSION = 5.0;
				TARGETED_DEVICE_FAMILY = "1,2";
				TEST_TARGET_NAME = AssisChat;
			};
			name = Release;
		};
/* End XCBuildConfiguration section */

/* Begin XCConfigurationList section */
		F53D791C2A062AE500CBFAD1 /* Build configuration list for PBXNativeTarget "Keyboard" */ = {
			isa = XCConfigurationList;
			buildConfigurations = (
				F53D791D2A062AE500CBFAD1 /* Debug */,
				F53D791E2A062AE500CBFAD1 /* Release */,
			);
			defaultConfigurationIsVisible = 0;
			defaultConfigurationName = Release;
		};
		F567A32429D6935D00057582 /* Build configuration list for PBXNativeTarget "Share" */ = {
			isa = XCConfigurationList;
			buildConfigurations = (
				F567A32229D6935D00057582 /* Debug */,
				F567A32329D6935D00057582 /* Release */,
			);
			defaultConfigurationIsVisible = 0;
			defaultConfigurationName = Release;
		};
		F5E47E8B29B497A60083BB31 /* Build configuration list for PBXProject "AssisChat" */ = {
			isa = XCConfigurationList;
			buildConfigurations = (
				F5E47EB829B497A60083BB31 /* Debug */,
				F5E47EB929B497A60083BB31 /* Release */,
			);
			defaultConfigurationIsVisible = 0;
			defaultConfigurationName = Release;
		};
		F5E47EBA29B497A60083BB31 /* Build configuration list for PBXNativeTarget "AssisChat" */ = {
			isa = XCConfigurationList;
			buildConfigurations = (
				F5E47EBB29B497A60083BB31 /* Debug */,
				F5E47EBC29B497A60083BB31 /* Release */,
			);
			defaultConfigurationIsVisible = 0;
			defaultConfigurationName = Release;
		};
		F5E47EBD29B497A60083BB31 /* Build configuration list for PBXNativeTarget "AssisChatTests" */ = {
			isa = XCConfigurationList;
			buildConfigurations = (
				F5E47EBE29B497A60083BB31 /* Debug */,
				F5E47EBF29B497A60083BB31 /* Release */,
			);
			defaultConfigurationIsVisible = 0;
			defaultConfigurationName = Release;
		};
		F5E47EC029B497A60083BB31 /* Build configuration list for PBXNativeTarget "AssisChatUITests" */ = {
			isa = XCConfigurationList;
			buildConfigurations = (
				F5E47EC129B497A60083BB31 /* Debug */,
				F5E47EC229B497A60083BB31 /* Release */,
			);
			defaultConfigurationIsVisible = 0;
			defaultConfigurationName = Release;
		};
/* End XCConfigurationList section */

/* Begin XCRemoteSwiftPackageReference section */
		F53D790D2A03FA8200CBFAD1 /* XCRemoteSwiftPackageReference "Lottie-SwiftUI" */ = {
			isa = XCRemoteSwiftPackageReference;
			repositoryURL = "https://github.com/LukasHromadnik/Lottie-SwiftUI.git";
			requirement = {
				kind = upToNextMajorVersion;
				minimumVersion = 1.0.0;
			};
		};
		F574CAFE2A3321AE002AA67C /* XCRemoteSwiftPackageReference "SwiftSoup" */ = {
			isa = XCRemoteSwiftPackageReference;
			repositoryURL = "https://github.com/scinfu/SwiftSoup.git";
			requirement = {
				kind = upToNextMajorVersion;
				minimumVersion = 2.6.0;
			};
		};
		F5779EE329B8246800CC70B0 /* XCRemoteSwiftPackageReference "Splash" */ = {
			isa = XCRemoteSwiftPackageReference;
			repositoryURL = "https://github.com/JohnSundell/Splash";
			requirement = {
				kind = upToNextMajorVersion;
				minimumVersion = 0.9.0;
			};
		};
		F5E47F1A29B721AA0083BB31 /* XCRemoteSwiftPackageReference "swift-eventsource" */ = {
			isa = XCRemoteSwiftPackageReference;
			repositoryURL = "https://github.com/LaunchDarkly/swift-eventsource";
			requirement = {
				kind = upToNextMajorVersion;
				minimumVersion = 3.0.0;
			};
		};
		F5F2948129CB3CEC005D63CB /* XCRemoteSwiftPackageReference "swift-markdown-ui" */ = {
			isa = XCRemoteSwiftPackageReference;
			repositoryURL = "https://github.com/gonzalezreal/swift-markdown-ui.git";
			requirement = {
				kind = upToNextMajorVersion;
				minimumVersion = 2.0.0;
			};
		};
		F5F2948429CB3D02005D63CB /* XCRemoteSwiftPackageReference "GPT3-Tokenizer" */ = {
			isa = XCRemoteSwiftPackageReference;
			repositoryURL = "https://github.com/aespinilla/GPT3-Tokenizer.git";
			requirement = {
				kind = upToNextMajorVersion;
				minimumVersion = 0.1.2;
			};
		};
		F5FFE97B29FA601300AD4C91 /* XCRemoteSwiftPackageReference "CodeScanner" */ = {
			isa = XCRemoteSwiftPackageReference;
			repositoryURL = "https://github.com/twostraws/CodeScanner.git";
			requirement = {
				kind = upToNextMajorVersion;
				minimumVersion = 2.0.0;
			};
		};
/* End XCRemoteSwiftPackageReference section */

/* Begin XCSwiftPackageProductDependency section */
		F53D790E2A03FA8200CBFAD1 /* LottieSwiftUI */ = {
			isa = XCSwiftPackageProductDependency;
			package = F53D790D2A03FA8200CBFAD1 /* XCRemoteSwiftPackageReference "Lottie-SwiftUI" */;
			productName = LottieSwiftUI;
		};
		F567A34429D6CF5F00057582 /* GPT3 Tokenizer */ = {
			isa = XCSwiftPackageProductDependency;
			package = F5F2948429CB3D02005D63CB /* XCRemoteSwiftPackageReference "GPT3-Tokenizer" */;
			productName = "GPT3 Tokenizer";
		};
		F567A34629D6CF6300057582 /* LDSwiftEventSource */ = {
			isa = XCSwiftPackageProductDependency;
			package = F5E47F1A29B721AA0083BB31 /* XCRemoteSwiftPackageReference "swift-eventsource" */;
			productName = LDSwiftEventSource;
		};
		F574CAFF2A3321AE002AA67C /* SwiftSoup */ = {
			isa = XCSwiftPackageProductDependency;
			package = F574CAFE2A3321AE002AA67C /* XCRemoteSwiftPackageReference "SwiftSoup" */;
			productName = SwiftSoup;
		};
		F5779EE429B8246800CC70B0 /* Splash */ = {
			isa = XCSwiftPackageProductDependency;
			package = F5779EE329B8246800CC70B0 /* XCRemoteSwiftPackageReference "Splash" */;
			productName = Splash;
		};
		F58E53A429DBFE640022E979 /* Splash */ = {
			isa = XCSwiftPackageProductDependency;
			package = F5779EE329B8246800CC70B0 /* XCRemoteSwiftPackageReference "Splash" */;
			productName = Splash;
		};
		F58E53A629DBFE6B0022E979 /* MarkdownUI */ = {
			isa = XCSwiftPackageProductDependency;
			package = F5F2948129CB3CEC005D63CB /* XCRemoteSwiftPackageReference "swift-markdown-ui" */;
			productName = MarkdownUI;
		};
		F5B04E7B2A334FAC00B10644 /* SwiftSoup */ = {
			isa = XCSwiftPackageProductDependency;
			package = F574CAFE2A3321AE002AA67C /* XCRemoteSwiftPackageReference "SwiftSoup" */;
			productName = SwiftSoup;
		};
		F5B04E7D2A334FB500B10644 /* SwiftSoup */ = {
			isa = XCSwiftPackageProductDependency;
			package = F574CAFE2A3321AE002AA67C /* XCRemoteSwiftPackageReference "SwiftSoup" */;
			productName = SwiftSoup;
		};
		F5E3D99A2A2598450004736E /* LDSwiftEventSource */ = {
			isa = XCSwiftPackageProductDependency;
			package = F5E47F1A29B721AA0083BB31 /* XCRemoteSwiftPackageReference "swift-eventsource" */;
			productName = LDSwiftEventSource;
		};
		F5E3D99C2A2598450004736E /* Splash */ = {
			isa = XCSwiftPackageProductDependency;
			package = F5779EE329B8246800CC70B0 /* XCRemoteSwiftPackageReference "Splash" */;
			productName = Splash;
		};
		F5E3D99E2A2598450004736E /* MarkdownUI */ = {
			isa = XCSwiftPackageProductDependency;
			package = F5F2948129CB3CEC005D63CB /* XCRemoteSwiftPackageReference "swift-markdown-ui" */;
			productName = MarkdownUI;
		};
		F5E3D9A02A2598450004736E /* GPT3 Tokenizer */ = {
			isa = XCSwiftPackageProductDependency;
			package = F5F2948429CB3D02005D63CB /* XCRemoteSwiftPackageReference "GPT3-Tokenizer" */;
			productName = "GPT3 Tokenizer";
		};
		F5E47F1B29B721AA0083BB31 /* LDSwiftEventSource */ = {
			isa = XCSwiftPackageProductDependency;
			package = F5E47F1A29B721AA0083BB31 /* XCRemoteSwiftPackageReference "swift-eventsource" */;
			productName = LDSwiftEventSource;
		};
		F5F2948229CB3CEC005D63CB /* MarkdownUI */ = {
			isa = XCSwiftPackageProductDependency;
			package = F5F2948129CB3CEC005D63CB /* XCRemoteSwiftPackageReference "swift-markdown-ui" */;
			productName = MarkdownUI;
		};
		F5F2948529CB3D02005D63CB /* GPT3 Tokenizer */ = {
			isa = XCSwiftPackageProductDependency;
			package = F5F2948429CB3D02005D63CB /* XCRemoteSwiftPackageReference "GPT3-Tokenizer" */;
			productName = "GPT3 Tokenizer";
		};
		F5FFE97C29FA601300AD4C91 /* CodeScanner */ = {
			isa = XCSwiftPackageProductDependency;
			package = F5FFE97B29FA601300AD4C91 /* XCRemoteSwiftPackageReference "CodeScanner" */;
			productName = CodeScanner;
		};
/* End XCSwiftPackageProductDependency section */

/* Begin XCVersionGroup section */
		F5E47E9729B497A60083BB31 /* AssisChat.xcdatamodeld */ = {
			isa = XCVersionGroup;
			children = (
				F5E47E9829B497A60083BB31 /* AssisChat.xcdatamodel */,
			);
			currentVersion = F5E47E9829B497A60083BB31 /* AssisChat.xcdatamodel */;
			path = AssisChat.xcdatamodeld;
			sourceTree = "<group>";
			versionGroupType = wrapper.xcdatamodel;
		};
/* End XCVersionGroup section */
	};
	rootObject = F5E47E8829B497A60083BB31 /* Project object */;
}
