// !$*UTF8*$!
{
	archiveVersion = 1;
	classes = {
	};
	objectVersion = 56;
	objects = {

/* Begin PBXBuildFile section */
		F543A92529C44131000C61B5 /* SplashCodeSyntaxHighlighter.swift in Sources */ = {isa = PBXBuildFile; fileRef = F543A92429C44131000C61B5 /* SplashCodeSyntaxHighlighter.swift */; };
		F543A92729C444AC000C61B5 /* AcknowledgmentView.swift in Sources */ = {isa = PBXBuildFile; fileRef = F543A92629C444AC000C61B5 /* AcknowledgmentView.swift */; };
		F543A92929C46BE8000C61B5 /* SymbolVariantSelector.swift in Sources */ = {isa = PBXBuildFile; fileRef = F543A92829C46BE8000C61B5 /* SymbolVariantSelector.swift */; };
		F543A92D29C53749000C61B5 /* ProFeature.swift in Sources */ = {isa = PBXBuildFile; fileRef = F543A92C29C53749000C61B5 /* ProFeature.swift */; };
		F5779EE529B8246800CC70B0 /* Splash in Frameworks */ = {isa = PBXBuildFile; productRef = F5779EE429B8246800CC70B0 /* Splash */; };
		F5B2554D29B8A56D0008DAA3 /* SelectChatHintView.swift in Sources */ = {isa = PBXBuildFile; fileRef = F5B2554C29B8A56D0008DAA3 /* SelectChatHintView.swift */; };
		F5C6094529BA366D00862071 /* NewChatView.swift in Sources */ = {isa = PBXBuildFile; fileRef = F5C6094429BA366D00862071 /* NewChatView.swift */; };
		F5E47E9429B497A60083BB31 /* AssisChatApp.swift in Sources */ = {isa = PBXBuildFile; fileRef = F5E47E9329B497A60083BB31 /* AssisChatApp.swift */; };
		F5E47E9629B497A60083BB31 /* Persistence.swift in Sources */ = {isa = PBXBuildFile; fileRef = F5E47E9529B497A60083BB31 /* Persistence.swift */; };
		F5E47E9929B497A60083BB31 /* AssisChat.xcdatamodeld in Sources */ = {isa = PBXBuildFile; fileRef = F5E47E9729B497A60083BB31 /* AssisChat.xcdatamodeld */; };
		F5E47E9B29B497A60083BB31 /* ContentView.swift in Sources */ = {isa = PBXBuildFile; fileRef = F5E47E9A29B497A60083BB31 /* ContentView.swift */; };
		F5E47E9D29B497A60083BB31 /* Assets.xcassets in Resources */ = {isa = PBXBuildFile; fileRef = F5E47E9C29B497A60083BB31 /* Assets.xcassets */; };
		F5E47EA129B497A60083BB31 /* Preview Assets.xcassets in Resources */ = {isa = PBXBuildFile; fileRef = F5E47EA029B497A60083BB31 /* Preview Assets.xcassets */; };
		F5E47EAB29B497A60083BB31 /* AssisChatTests.swift in Sources */ = {isa = PBXBuildFile; fileRef = F5E47EAA29B497A60083BB31 /* AssisChatTests.swift */; };
		F5E47EB529B497A60083BB31 /* AssisChatUITests.swift in Sources */ = {isa = PBXBuildFile; fileRef = F5E47EB429B497A60083BB31 /* AssisChatUITests.swift */; };
		F5E47EB729B497A60083BB31 /* AssisChatUITestsLaunchTests.swift in Sources */ = {isa = PBXBuildFile; fileRef = F5E47EB629B497A60083BB31 /* AssisChatUITestsLaunchTests.swift */; };
		F5E47ECA29B497FB0083BB31 /* Message+CoreDataClass.swift in Sources */ = {isa = PBXBuildFile; fileRef = F5E47EC629B497FB0083BB31 /* Message+CoreDataClass.swift */; };
		F5E47ECB29B497FB0083BB31 /* Message+CoreDataProperties.swift in Sources */ = {isa = PBXBuildFile; fileRef = F5E47EC729B497FB0083BB31 /* Message+CoreDataProperties.swift */; };
		F5E47ECC29B497FB0083BB31 /* Chat+CoreDataClass.swift in Sources */ = {isa = PBXBuildFile; fileRef = F5E47EC829B497FB0083BB31 /* Chat+CoreDataClass.swift */; };
		F5E47ECD29B497FB0083BB31 /* Chat+CoreDataProperties.swift in Sources */ = {isa = PBXBuildFile; fileRef = F5E47EC929B497FB0083BB31 /* Chat+CoreDataProperties.swift */; };
		F5E47ECF29B498290083BB31 /* Color+Extensions.swift in Sources */ = {isa = PBXBuildFile; fileRef = F5E47ECE29B498290083BB31 /* Color+Extensions.swift */; };
		F5E47ED129B4983D0083BB31 /* Dictionary+Extensions.swift in Sources */ = {isa = PBXBuildFile; fileRef = F5E47ED029B4983D0083BB31 /* Dictionary+Extensions.swift */; };
		F5E47ED329B498550083BB31 /* Notification+Extensions.swift in Sources */ = {isa = PBXBuildFile; fileRef = F5E47ED229B498550083BB31 /* Notification+Extensions.swift */; };
		F5E47ED629B498E20083BB31 /* EssentialFeature.swift in Sources */ = {isa = PBXBuildFile; fileRef = F5E47ED529B498E20083BB31 /* EssentialFeature.swift */; };
		F5E47ED929B4990A0083BB31 /* ChatFeature.swift in Sources */ = {isa = PBXBuildFile; fileRef = F5E47ED829B4990A0083BB31 /* ChatFeature.swift */; };
		F5E47EDB29B49B880083BB31 /* ChatsView.swift in Sources */ = {isa = PBXBuildFile; fileRef = F5E47EDA29B49B880083BB31 /* ChatsView.swift */; };
		F5E47EDD29B49B9C0083BB31 /* CustomNewChatView.swift in Sources */ = {isa = PBXBuildFile; fileRef = F5E47EDC29B49B9C0083BB31 /* CustomNewChatView.swift */; };
		F5E47EDF29B49CCA0083BB31 /* ColorSelector.swift in Sources */ = {isa = PBXBuildFile; fileRef = F5E47EDE29B49CCA0083BB31 /* ColorSelector.swift */; };
		F5E47EE229B49D0E0083BB31 /* Haptics.swift in Sources */ = {isa = PBXBuildFile; fileRef = F5E47EE129B49D0E0083BB31 /* Haptics.swift */; };
		F5E47EE429B49DF90083BB31 /* ChatIconSelector.swift in Sources */ = {isa = PBXBuildFile; fileRef = F5E47EE329B49DF90083BB31 /* ChatIconSelector.swift */; };
		F5E47EE729B4E8FB0083BB31 /* ChattingFeature.swift in Sources */ = {isa = PBXBuildFile; fileRef = F5E47EE629B4E8FB0083BB31 /* ChattingFeature.swift */; };
		F5E47EE929B4E9090083BB31 /* ChattingView.swift in Sources */ = {isa = PBXBuildFile; fileRef = F5E47EE829B4E9090083BB31 /* ChattingView.swift */; };
		F5E47EEC29B4EA0A0083BB31 /* MessageFeature.swift in Sources */ = {isa = PBXBuildFile; fileRef = F5E47EEB29B4EA0A0083BB31 /* MessageFeature.swift */; };
		F5E47EEF29B4F5A80083BB31 /* ChatGPTAdapter.swift in Sources */ = {isa = PBXBuildFile; fileRef = F5E47EEE29B4F5A80083BB31 /* ChatGPTAdapter.swift */; };
		F5E47EF229B5A6AB0083BB31 /* SettingsFeature.swift in Sources */ = {isa = PBXBuildFile; fileRef = F5E47EF129B5A6AB0083BB31 /* SettingsFeature.swift */; };
		F5E47EF429B5AC380083BB31 /* SettingsView.swift in Sources */ = {isa = PBXBuildFile; fileRef = F5E47EF329B5AC380083BB31 /* SettingsView.swift */; };
		F5E47EF629B5B1B10083BB31 /* ColorSchemeSelector.swift in Sources */ = {isa = PBXBuildFile; fileRef = F5E47EF529B5B1B10083BB31 /* ColorSchemeSelector.swift */; };
		F5E47EF829B5B2320083BB31 /* TintSelector.swift in Sources */ = {isa = PBXBuildFile; fileRef = F5E47EF729B5B2320083BB31 /* TintSelector.swift */; };
		F5E47EFA29B5B6470083BB31 /* ChatSourceConfigView.swift in Sources */ = {isa = PBXBuildFile; fileRef = F5E47EF929B5B6470083BB31 /* ChatSourceConfigView.swift */; };
		F5E47EFC29B5D2870083BB31 /* .gitignore in Resources */ = {isa = PBXBuildFile; fileRef = F5E47EFB29B5D2870083BB31 /* .gitignore */; };
		F5E47EFF29B5D8B80083BB31 /* View+Extensions.swift in Sources */ = {isa = PBXBuildFile; fileRef = F5E47EFE29B5D8B80083BB31 /* View+Extensions.swift */; };
		F5E47F0229B6178F0083BB31 /* CopyrightView.swift in Sources */ = {isa = PBXBuildFile; fileRef = F5E47F0129B6178F0083BB31 /* CopyrightView.swift */; };
		F5E47F0429B617AF0083BB31 /* Bundle+Extensions.swift in Sources */ = {isa = PBXBuildFile; fileRef = F5E47F0329B617AF0083BB31 /* Bundle+Extensions.swift */; };
		F5E47F0729B62BFD0083BB31 /* WelcomeView.swift in Sources */ = {isa = PBXBuildFile; fileRef = F5E47F0629B62BFD0083BB31 /* WelcomeView.swift */; };
		F5E47F0B29B7002D0083BB31 /* ChatDetailView.swift in Sources */ = {isa = PBXBuildFile; fileRef = F5E47F0A29B7002D0083BB31 /* ChatDetailView.swift */; };
		F5E47F0D29B706FF0083BB31 /* ChatEditor.swift in Sources */ = {isa = PBXBuildFile; fileRef = F5E47F0C29B706FF0083BB31 /* ChatEditor.swift */; };
		F5E47F0F29B708D00083BB31 /* EditChatView.swift in Sources */ = {isa = PBXBuildFile; fileRef = F5E47F0E29B708D00083BB31 /* EditChatView.swift */; };
		F5E47F1C29B721AA0083BB31 /* LDSwiftEventSource in Frameworks */ = {isa = PBXBuildFile; productRef = F5E47F1B29B721AA0083BB31 /* LDSwiftEventSource */; };
		F5E47F1F29B7562B0083BB31 /* Localizable.strings in Resources */ = {isa = PBXBuildFile; fileRef = F5E47F2129B7562B0083BB31 /* Localizable.strings */; };
		F5E47F2629B76BFD0083BB31 /* MarkdownUI in Frameworks */ = {isa = PBXBuildFile; productRef = F5E47F2529B76BFD0083BB31 /* MarkdownUI */; };
		F5F2947B29C74400005D63CB /* ProBanner.swift in Sources */ = {isa = PBXBuildFile; fileRef = F5F2947A29C74400005D63CB /* ProBanner.swift */; };
		F5F2947D29C757C8005D63CB /* ProIntroductionView.swift in Sources */ = {isa = PBXBuildFile; fileRef = F5F2947C29C757C8005D63CB /* ProIntroductionView.swift */; };
		F5F2947F29C859BC005D63CB /* ProBadge.swift in Sources */ = {isa = PBXBuildFile; fileRef = F5F2947E29C859BC005D63CB /* ProBadge.swift */; };
/* End PBXBuildFile section */

/* Begin PBXContainerItemProxy section */
		F5E47EA729B497A60083BB31 /* PBXContainerItemProxy */ = {
			isa = PBXContainerItemProxy;
			containerPortal = F5E47E8829B497A60083BB31 /* Project object */;
			proxyType = 1;
			remoteGlobalIDString = F5E47E8F29B497A60083BB31;
			remoteInfo = AssisChat;
		};
		F5E47EB129B497A60083BB31 /* PBXContainerItemProxy */ = {
			isa = PBXContainerItemProxy;
			containerPortal = F5E47E8829B497A60083BB31 /* Project object */;
			proxyType = 1;
			remoteGlobalIDString = F5E47E8F29B497A60083BB31;
			remoteInfo = AssisChat;
		};
/* End PBXContainerItemProxy section */

/* Begin PBXFileReference section */
		F543A92429C44131000C61B5 /* SplashCodeSyntaxHighlighter.swift */ = {isa = PBXFileReference; lastKnownFileType = sourcecode.swift; path = SplashCodeSyntaxHighlighter.swift; sourceTree = "<group>"; };
		F543A92629C444AC000C61B5 /* AcknowledgmentView.swift */ = {isa = PBXFileReference; lastKnownFileType = sourcecode.swift; path = AcknowledgmentView.swift; sourceTree = "<group>"; };
		F543A92829C46BE8000C61B5 /* SymbolVariantSelector.swift */ = {isa = PBXFileReference; lastKnownFileType = sourcecode.swift; path = SymbolVariantSelector.swift; sourceTree = "<group>"; };
		F543A92C29C53749000C61B5 /* ProFeature.swift */ = {isa = PBXFileReference; lastKnownFileType = sourcecode.swift; path = ProFeature.swift; sourceTree = "<group>"; };
		F5B2554C29B8A56D0008DAA3 /* SelectChatHintView.swift */ = {isa = PBXFileReference; lastKnownFileType = sourcecode.swift; path = SelectChatHintView.swift; sourceTree = "<group>"; };
		F5C6094429BA366D00862071 /* NewChatView.swift */ = {isa = PBXFileReference; lastKnownFileType = sourcecode.swift; path = NewChatView.swift; sourceTree = "<group>"; };
		F5E47E9029B497A60083BB31 /* AssisChat.app */ = {isa = PBXFileReference; explicitFileType = wrapper.application; includeInIndex = 0; path = AssisChat.app; sourceTree = BUILT_PRODUCTS_DIR; };
		F5E47E9329B497A60083BB31 /* AssisChatApp.swift */ = {isa = PBXFileReference; lastKnownFileType = sourcecode.swift; path = AssisChatApp.swift; sourceTree = "<group>"; };
		F5E47E9529B497A60083BB31 /* Persistence.swift */ = {isa = PBXFileReference; lastKnownFileType = sourcecode.swift; path = Persistence.swift; sourceTree = "<group>"; };
		F5E47E9829B497A60083BB31 /* AssisChat.xcdatamodel */ = {isa = PBXFileReference; lastKnownFileType = wrapper.xcdatamodel; path = AssisChat.xcdatamodel; sourceTree = "<group>"; };
		F5E47E9A29B497A60083BB31 /* ContentView.swift */ = {isa = PBXFileReference; lastKnownFileType = sourcecode.swift; path = ContentView.swift; sourceTree = "<group>"; };
		F5E47E9C29B497A60083BB31 /* Assets.xcassets */ = {isa = PBXFileReference; lastKnownFileType = folder.assetcatalog; path = Assets.xcassets; sourceTree = "<group>"; };
		F5E47E9E29B497A60083BB31 /* AssisChat.entitlements */ = {isa = PBXFileReference; lastKnownFileType = text.plist.entitlements; path = AssisChat.entitlements; sourceTree = "<group>"; };
		F5E47EA029B497A60083BB31 /* Preview Assets.xcassets */ = {isa = PBXFileReference; lastKnownFileType = folder.assetcatalog; path = "Preview Assets.xcassets"; sourceTree = "<group>"; };
		F5E47EA629B497A60083BB31 /* AssisChatTests.xctest */ = {isa = PBXFileReference; explicitFileType = wrapper.cfbundle; includeInIndex = 0; path = AssisChatTests.xctest; sourceTree = BUILT_PRODUCTS_DIR; };
		F5E47EAA29B497A60083BB31 /* AssisChatTests.swift */ = {isa = PBXFileReference; lastKnownFileType = sourcecode.swift; path = AssisChatTests.swift; sourceTree = "<group>"; };
		F5E47EB029B497A60083BB31 /* AssisChatUITests.xctest */ = {isa = PBXFileReference; explicitFileType = wrapper.cfbundle; includeInIndex = 0; path = AssisChatUITests.xctest; sourceTree = BUILT_PRODUCTS_DIR; };
		F5E47EB429B497A60083BB31 /* AssisChatUITests.swift */ = {isa = PBXFileReference; lastKnownFileType = sourcecode.swift; path = AssisChatUITests.swift; sourceTree = "<group>"; };
		F5E47EB629B497A60083BB31 /* AssisChatUITestsLaunchTests.swift */ = {isa = PBXFileReference; lastKnownFileType = sourcecode.swift; path = AssisChatUITestsLaunchTests.swift; sourceTree = "<group>"; };
		F5E47EC629B497FB0083BB31 /* Message+CoreDataClass.swift */ = {isa = PBXFileReference; lastKnownFileType = sourcecode.swift; path = "Message+CoreDataClass.swift"; sourceTree = "<group>"; };
		F5E47EC729B497FB0083BB31 /* Message+CoreDataProperties.swift */ = {isa = PBXFileReference; lastKnownFileType = sourcecode.swift; path = "Message+CoreDataProperties.swift"; sourceTree = "<group>"; };
		F5E47EC829B497FB0083BB31 /* Chat+CoreDataClass.swift */ = {isa = PBXFileReference; lastKnownFileType = sourcecode.swift; path = "Chat+CoreDataClass.swift"; sourceTree = "<group>"; };
		F5E47EC929B497FB0083BB31 /* Chat+CoreDataProperties.swift */ = {isa = PBXFileReference; lastKnownFileType = sourcecode.swift; path = "Chat+CoreDataProperties.swift"; sourceTree = "<group>"; };
		F5E47ECE29B498290083BB31 /* Color+Extensions.swift */ = {isa = PBXFileReference; lastKnownFileType = sourcecode.swift; path = "Color+Extensions.swift"; sourceTree = "<group>"; };
		F5E47ED029B4983D0083BB31 /* Dictionary+Extensions.swift */ = {isa = PBXFileReference; lastKnownFileType = sourcecode.swift; path = "Dictionary+Extensions.swift"; sourceTree = "<group>"; };
		F5E47ED229B498550083BB31 /* Notification+Extensions.swift */ = {isa = PBXFileReference; lastKnownFileType = sourcecode.swift; path = "Notification+Extensions.swift"; sourceTree = "<group>"; };
		F5E47ED529B498E20083BB31 /* EssentialFeature.swift */ = {isa = PBXFileReference; lastKnownFileType = sourcecode.swift; path = EssentialFeature.swift; sourceTree = "<group>"; };
		F5E47ED829B4990A0083BB31 /* ChatFeature.swift */ = {isa = PBXFileReference; lastKnownFileType = sourcecode.swift; path = ChatFeature.swift; sourceTree = "<group>"; };
		F5E47EDA29B49B880083BB31 /* ChatsView.swift */ = {isa = PBXFileReference; lastKnownFileType = sourcecode.swift; path = ChatsView.swift; sourceTree = "<group>"; };
		F5E47EDC29B49B9C0083BB31 /* CustomNewChatView.swift */ = {isa = PBXFileReference; lastKnownFileType = sourcecode.swift; path = CustomNewChatView.swift; sourceTree = "<group>"; };
		F5E47EDE29B49CCA0083BB31 /* ColorSelector.swift */ = {isa = PBXFileReference; lastKnownFileType = sourcecode.swift; path = ColorSelector.swift; sourceTree = "<group>"; };
		F5E47EE129B49D0E0083BB31 /* Haptics.swift */ = {isa = PBXFileReference; lastKnownFileType = sourcecode.swift; path = Haptics.swift; sourceTree = "<group>"; };
		F5E47EE329B49DF90083BB31 /* ChatIconSelector.swift */ = {isa = PBXFileReference; lastKnownFileType = sourcecode.swift; path = ChatIconSelector.swift; sourceTree = "<group>"; };
		F5E47EE629B4E8FB0083BB31 /* ChattingFeature.swift */ = {isa = PBXFileReference; lastKnownFileType = sourcecode.swift; path = ChattingFeature.swift; sourceTree = "<group>"; };
		F5E47EE829B4E9090083BB31 /* ChattingView.swift */ = {isa = PBXFileReference; lastKnownFileType = sourcecode.swift; path = ChattingView.swift; sourceTree = "<group>"; };
		F5E47EEB29B4EA0A0083BB31 /* MessageFeature.swift */ = {isa = PBXFileReference; lastKnownFileType = sourcecode.swift; path = MessageFeature.swift; sourceTree = "<group>"; };
		F5E47EEE29B4F5A80083BB31 /* ChatGPTAdapter.swift */ = {isa = PBXFileReference; lastKnownFileType = sourcecode.swift; path = ChatGPTAdapter.swift; sourceTree = "<group>"; };
		F5E47EF129B5A6AB0083BB31 /* SettingsFeature.swift */ = {isa = PBXFileReference; lastKnownFileType = sourcecode.swift; path = SettingsFeature.swift; sourceTree = "<group>"; };
		F5E47EF329B5AC380083BB31 /* SettingsView.swift */ = {isa = PBXFileReference; lastKnownFileType = sourcecode.swift; path = SettingsView.swift; sourceTree = "<group>"; };
		F5E47EF529B5B1B10083BB31 /* ColorSchemeSelector.swift */ = {isa = PBXFileReference; lastKnownFileType = sourcecode.swift; path = ColorSchemeSelector.swift; sourceTree = "<group>"; };
		F5E47EF729B5B2320083BB31 /* TintSelector.swift */ = {isa = PBXFileReference; lastKnownFileType = sourcecode.swift; path = TintSelector.swift; sourceTree = "<group>"; };
		F5E47EF929B5B6470083BB31 /* ChatSourceConfigView.swift */ = {isa = PBXFileReference; lastKnownFileType = sourcecode.swift; path = ChatSourceConfigView.swift; sourceTree = "<group>"; };
		F5E47EFB29B5D2870083BB31 /* .gitignore */ = {isa = PBXFileReference; lastKnownFileType = text; path = .gitignore; sourceTree = "<group>"; };
		F5E47EFD29B5D29A0083BB31 /* README.md */ = {isa = PBXFileReference; lastKnownFileType = net.daringfireball.markdown; path = README.md; sourceTree = "<group>"; };
		F5E47EFE29B5D8B80083BB31 /* View+Extensions.swift */ = {isa = PBXFileReference; lastKnownFileType = sourcecode.swift; path = "View+Extensions.swift"; sourceTree = "<group>"; };
		F5E47F0129B6178F0083BB31 /* CopyrightView.swift */ = {isa = PBXFileReference; lastKnownFileType = sourcecode.swift; path = CopyrightView.swift; sourceTree = "<group>"; };
		F5E47F0329B617AF0083BB31 /* Bundle+Extensions.swift */ = {isa = PBXFileReference; lastKnownFileType = sourcecode.swift; path = "Bundle+Extensions.swift"; sourceTree = "<group>"; };
		F5E47F0629B62BFD0083BB31 /* WelcomeView.swift */ = {isa = PBXFileReference; lastKnownFileType = sourcecode.swift; path = WelcomeView.swift; sourceTree = "<group>"; };
		F5E47F0A29B7002D0083BB31 /* ChatDetailView.swift */ = {isa = PBXFileReference; lastKnownFileType = sourcecode.swift; path = ChatDetailView.swift; sourceTree = "<group>"; };
		F5E47F0C29B706FF0083BB31 /* ChatEditor.swift */ = {isa = PBXFileReference; lastKnownFileType = sourcecode.swift; path = ChatEditor.swift; sourceTree = "<group>"; };
		F5E47F0E29B708D00083BB31 /* EditChatView.swift */ = {isa = PBXFileReference; lastKnownFileType = sourcecode.swift; path = EditChatView.swift; sourceTree = "<group>"; };
		F5E47F2029B7562B0083BB31 /* en */ = {isa = PBXFileReference; lastKnownFileType = text.plist.strings; name = en; path = en.lproj/Localizable.strings; sourceTree = "<group>"; };
		F5E47F2229B756300083BB31 /* zh-Hans */ = {isa = PBXFileReference; lastKnownFileType = text.plist.strings; name = "zh-Hans"; path = "zh-Hans.lproj/Localizable.strings"; sourceTree = "<group>"; };
		F5E47F2329B756310083BB31 /* zh-Hant */ = {isa = PBXFileReference; lastKnownFileType = text.plist.strings; name = "zh-Hant"; path = "zh-Hant.lproj/Localizable.strings"; sourceTree = "<group>"; };
		F5E47F2729B7736C0083BB31 /* Info.plist */ = {isa = PBXFileReference; lastKnownFileType = text.plist; path = Info.plist; sourceTree = "<group>"; };
		F5F2947A29C74400005D63CB /* ProBanner.swift */ = {isa = PBXFileReference; lastKnownFileType = sourcecode.swift; path = ProBanner.swift; sourceTree = "<group>"; };
		F5F2947C29C757C8005D63CB /* ProIntroductionView.swift */ = {isa = PBXFileReference; lastKnownFileType = sourcecode.swift; path = ProIntroductionView.swift; sourceTree = "<group>"; };
		F5F2947E29C859BC005D63CB /* ProBadge.swift */ = {isa = PBXFileReference; lastKnownFileType = sourcecode.swift; path = ProBadge.swift; sourceTree = "<group>"; };
/* End PBXFileReference section */

/* Begin PBXFrameworksBuildPhase section */
		F5E47E8D29B497A60083BB31 /* Frameworks */ = {
			isa = PBXFrameworksBuildPhase;
			buildActionMask = 2147483647;
			files = (
				F5E47F1C29B721AA0083BB31 /* LDSwiftEventSource in Frameworks */,
				F5E47F2629B76BFD0083BB31 /* MarkdownUI in Frameworks */,
				F5779EE529B8246800CC70B0 /* Splash in Frameworks */,
			);
			runOnlyForDeploymentPostprocessing = 0;
		};
		F5E47EA329B497A60083BB31 /* Frameworks */ = {
			isa = PBXFrameworksBuildPhase;
			buildActionMask = 2147483647;
			files = (
			);
			runOnlyForDeploymentPostprocessing = 0;
		};
		F5E47EAD29B497A60083BB31 /* Frameworks */ = {
			isa = PBXFrameworksBuildPhase;
			buildActionMask = 2147483647;
			files = (
			);
			runOnlyForDeploymentPostprocessing = 0;
		};
/* End PBXFrameworksBuildPhase section */

/* Begin PBXGroup section */
		F543A92B29C5372F000C61B5 /* Pro */ = {
			isa = PBXGroup;
			children = (
				F543A92C29C53749000C61B5 /* ProFeature.swift */,
				F5F2947A29C74400005D63CB /* ProBanner.swift */,
				F5F2947C29C757C8005D63CB /* ProIntroductionView.swift */,
				F5F2947E29C859BC005D63CB /* ProBadge.swift */,
			);
			path = Pro;
			sourceTree = "<group>";
		};
		F5E47E8729B497A60083BB31 = {
			isa = PBXGroup;
			children = (
				F5E47EFD29B5D29A0083BB31 /* README.md */,
				F5E47EFB29B5D2870083BB31 /* .gitignore */,
				F5E47E9229B497A60083BB31 /* AssisChat */,
				F5E47EA929B497A60083BB31 /* AssisChatTests */,
				F5E47EB329B497A60083BB31 /* AssisChatUITests */,
				F5E47E9129B497A60083BB31 /* Products */,
			);
			sourceTree = "<group>";
		};
		F5E47E9129B497A60083BB31 /* Products */ = {
			isa = PBXGroup;
			children = (
				F5E47E9029B497A60083BB31 /* AssisChat.app */,
				F5E47EA629B497A60083BB31 /* AssisChatTests.xctest */,
				F5E47EB029B497A60083BB31 /* AssisChatUITests.xctest */,
			);
			name = Products;
			sourceTree = "<group>";
		};
		F5E47E9229B497A60083BB31 /* AssisChat */ = {
			isa = PBXGroup;
			children = (
				F5E47F2729B7736C0083BB31 /* Info.plist */,
				F5E47F0029B6176E0083BB31 /* Components */,
				F5E47EE029B49CFD0083BB31 /* Helpers */,
				F5E47EC529B497C80083BB31 /* Models */,
				F5E47EC429B497BF0083BB31 /* Features */,
				F5E47EC329B497B00083BB31 /* Extensions */,
				F5E47E9329B497A60083BB31 /* AssisChatApp.swift */,
				F5E47E9529B497A60083BB31 /* Persistence.swift */,
				F5E47E9A29B497A60083BB31 /* ContentView.swift */,
				F5E47E9C29B497A60083BB31 /* Assets.xcassets */,
				F5E47E9E29B497A60083BB31 /* AssisChat.entitlements */,
				F5E47E9729B497A60083BB31 /* AssisChat.xcdatamodeld */,
				F5E47F2129B7562B0083BB31 /* Localizable.strings */,
				F5E47E9F29B497A60083BB31 /* Preview Content */,
			);
			path = AssisChat;
			sourceTree = "<group>";
		};
		F5E47E9F29B497A60083BB31 /* Preview Content */ = {
			isa = PBXGroup;
			children = (
				F5E47EA029B497A60083BB31 /* Preview Assets.xcassets */,
			);
			path = "Preview Content";
			sourceTree = "<group>";
		};
		F5E47EA929B497A60083BB31 /* AssisChatTests */ = {
			isa = PBXGroup;
			children = (
				F5E47EAA29B497A60083BB31 /* AssisChatTests.swift */,
			);
			path = AssisChatTests;
			sourceTree = "<group>";
		};
		F5E47EB329B497A60083BB31 /* AssisChatUITests */ = {
			isa = PBXGroup;
			children = (
				F5E47EB429B497A60083BB31 /* AssisChatUITests.swift */,
				F5E47EB629B497A60083BB31 /* AssisChatUITestsLaunchTests.swift */,
			);
			path = AssisChatUITests;
			sourceTree = "<group>";
		};
		F5E47EC329B497B00083BB31 /* Extensions */ = {
			isa = PBXGroup;
			children = (
				F5E47ECE29B498290083BB31 /* Color+Extensions.swift */,
				F5E47ED029B4983D0083BB31 /* Dictionary+Extensions.swift */,
				F5E47ED229B498550083BB31 /* Notification+Extensions.swift */,
				F5E47EFE29B5D8B80083BB31 /* View+Extensions.swift */,
				F5E47F0329B617AF0083BB31 /* Bundle+Extensions.swift */,
			);
			path = Extensions;
			sourceTree = "<group>";
		};
		F5E47EC429B497BF0083BB31 /* Features */ = {
			isa = PBXGroup;
			children = (
				F543A92B29C5372F000C61B5 /* Pro */,
				F5E47F0529B62BEC0083BB31 /* Welcome */,
				F5E47EF029B5A6840083BB31 /* Settings */,
				F5E47EEA29B4E9F90083BB31 /* Message */,
				F5E47EE529B4E8C80083BB31 /* Chating */,
				F5E47ED729B498FB0083BB31 /* Chat */,
				F5E47ED429B498C90083BB31 /* Essential */,
			);
			path = Features;
			sourceTree = "<group>";
		};
		F5E47EC529B497C80083BB31 /* Models */ = {
			isa = PBXGroup;
			children = (
				F5E47EC629B497FB0083BB31 /* Message+CoreDataClass.swift */,
				F5E47EC729B497FB0083BB31 /* Message+CoreDataProperties.swift */,
				F5E47EC829B497FB0083BB31 /* Chat+CoreDataClass.swift */,
				F5E47EC929B497FB0083BB31 /* Chat+CoreDataProperties.swift */,
			);
			path = Models;
			sourceTree = "<group>";
		};
		F5E47ED429B498C90083BB31 /* Essential */ = {
			isa = PBXGroup;
			children = (
				F5E47ED529B498E20083BB31 /* EssentialFeature.swift */,
			);
			path = Essential;
			sourceTree = "<group>";
		};
		F5E47ED729B498FB0083BB31 /* Chat */ = {
			isa = PBXGroup;
			children = (
				F5E47ED829B4990A0083BB31 /* ChatFeature.swift */,
				F5E47F0C29B706FF0083BB31 /* ChatEditor.swift */,
				F5E47EDA29B49B880083BB31 /* ChatsView.swift */,
				F5E47EDC29B49B9C0083BB31 /* CustomNewChatView.swift */,
				F5E47F0E29B708D00083BB31 /* EditChatView.swift */,
				F5E47EE329B49DF90083BB31 /* ChatIconSelector.swift */,
				F5E47EDE29B49CCA0083BB31 /* ColorSelector.swift */,
				F5E47F0A29B7002D0083BB31 /* ChatDetailView.swift */,
				F5C6094429BA366D00862071 /* NewChatView.swift */,
			);
			path = Chat;
			sourceTree = "<group>";
		};
		F5E47EE029B49CFD0083BB31 /* Helpers */ = {
			isa = PBXGroup;
			children = (
				F5E47EE129B49D0E0083BB31 /* Haptics.swift */,
			);
			path = Helpers;
			sourceTree = "<group>";
		};
		F5E47EE529B4E8C80083BB31 /* Chating */ = {
			isa = PBXGroup;
			children = (
				F5E47EE629B4E8FB0083BB31 /* ChattingFeature.swift */,
				F5B2554C29B8A56D0008DAA3 /* SelectChatHintView.swift */,
				F5E47EE829B4E9090083BB31 /* ChattingView.swift */,
				F543A92429C44131000C61B5 /* SplashCodeSyntaxHighlighter.swift */,
			);
			path = Chating;
			sourceTree = "<group>";
		};
		F5E47EEA29B4E9F90083BB31 /* Message */ = {
			isa = PBXGroup;
			children = (
				F5E47EEB29B4EA0A0083BB31 /* MessageFeature.swift */,
			);
			path = Message;
			sourceTree = "<group>";
		};
		F5E47EED29B4F5850083BB31 /* ChattingAdapters */ = {
			isa = PBXGroup;
			children = (
				F5E47EEE29B4F5A80083BB31 /* ChatGPTAdapter.swift */,
			);
			path = ChattingAdapters;
			sourceTree = "<group>";
		};
		F5E47EF029B5A6840083BB31 /* Settings */ = {
			isa = PBXGroup;
			children = (
				F5E47EED29B4F5850083BB31 /* ChattingAdapters */,
				F5E47EF129B5A6AB0083BB31 /* SettingsFeature.swift */,
				F5E47EF929B5B6470083BB31 /* ChatSourceConfigView.swift */,
				F5E47EF529B5B1B10083BB31 /* ColorSchemeSelector.swift */,
				F543A92829C46BE8000C61B5 /* SymbolVariantSelector.swift */,
				F5E47EF729B5B2320083BB31 /* TintSelector.swift */,
				F5E47EF329B5AC380083BB31 /* SettingsView.swift */,
				F543A92629C444AC000C61B5 /* AcknowledgmentView.swift */,
			);
			path = Settings;
			sourceTree = "<group>";
		};
		F5E47F0029B6176E0083BB31 /* Components */ = {
			isa = PBXGroup;
			children = (
				F5E47F0129B6178F0083BB31 /* CopyrightView.swift */,
			);
			path = Components;
			sourceTree = "<group>";
		};
		F5E47F0529B62BEC0083BB31 /* Welcome */ = {
			isa = PBXGroup;
			children = (
				F5E47F0629B62BFD0083BB31 /* WelcomeView.swift */,
			);
			path = Welcome;
			sourceTree = "<group>";
		};
/* End PBXGroup section */

/* Begin PBXNativeTarget section */
		F5E47E8F29B497A60083BB31 /* AssisChat */ = {
			isa = PBXNativeTarget;
			buildConfigurationList = F5E47EBA29B497A60083BB31 /* Build configuration list for PBXNativeTarget "AssisChat" */;
			buildPhases = (
				F5E47E8C29B497A60083BB31 /* Sources */,
				F5E47E8D29B497A60083BB31 /* Frameworks */,
				F5E47E8E29B497A60083BB31 /* Resources */,
			);
			buildRules = (
			);
			dependencies = (
			);
			name = AssisChat;
			packageProductDependencies = (
				F5E47F1B29B721AA0083BB31 /* LDSwiftEventSource */,
				F5E47F2529B76BFD0083BB31 /* MarkdownUI */,
				F5779EE429B8246800CC70B0 /* Splash */,
			);
			productName = AssisChat;
			productReference = F5E47E9029B497A60083BB31 /* AssisChat.app */;
			productType = "com.apple.product-type.application";
		};
		F5E47EA529B497A60083BB31 /* AssisChatTests */ = {
			isa = PBXNativeTarget;
			buildConfigurationList = F5E47EBD29B497A60083BB31 /* Build configuration list for PBXNativeTarget "AssisChatTests" */;
			buildPhases = (
				F5E47EA229B497A60083BB31 /* Sources */,
				F5E47EA329B497A60083BB31 /* Frameworks */,
				F5E47EA429B497A60083BB31 /* Resources */,
			);
			buildRules = (
			);
			dependencies = (
				F5E47EA829B497A60083BB31 /* PBXTargetDependency */,
			);
			name = AssisChatTests;
			productName = AssisChatTests;
			productReference = F5E47EA629B497A60083BB31 /* AssisChatTests.xctest */;
			productType = "com.apple.product-type.bundle.unit-test";
		};
		F5E47EAF29B497A60083BB31 /* AssisChatUITests */ = {
			isa = PBXNativeTarget;
			buildConfigurationList = F5E47EC029B497A60083BB31 /* Build configuration list for PBXNativeTarget "AssisChatUITests" */;
			buildPhases = (
				F5E47EAC29B497A60083BB31 /* Sources */,
				F5E47EAD29B497A60083BB31 /* Frameworks */,
				F5E47EAE29B497A60083BB31 /* Resources */,
			);
			buildRules = (
			);
			dependencies = (
				F5E47EB229B497A60083BB31 /* PBXTargetDependency */,
			);
			name = AssisChatUITests;
			productName = AssisChatUITests;
			productReference = F5E47EB029B497A60083BB31 /* AssisChatUITests.xctest */;
			productType = "com.apple.product-type.bundle.ui-testing";
		};
/* End PBXNativeTarget section */

/* Begin PBXProject section */
		F5E47E8829B497A60083BB31 /* Project object */ = {
			isa = PBXProject;
			attributes = {
				BuildIndependentTargetsInParallel = 1;
				LastSwiftUpdateCheck = 1420;
				LastUpgradeCheck = 1420;
				TargetAttributes = {
					F5E47E8F29B497A60083BB31 = {
						CreatedOnToolsVersion = 14.2;
					};
					F5E47EA529B497A60083BB31 = {
						CreatedOnToolsVersion = 14.2;
						TestTargetID = F5E47E8F29B497A60083BB31;
					};
					F5E47EAF29B497A60083BB31 = {
						CreatedOnToolsVersion = 14.2;
						TestTargetID = F5E47E8F29B497A60083BB31;
					};
				};
			};
			buildConfigurationList = F5E47E8B29B497A60083BB31 /* Build configuration list for PBXProject "AssisChat" */;
			compatibilityVersion = "Xcode 14.0";
			developmentRegion = en;
			hasScannedForEncodings = 0;
			knownRegions = (
				en,
				"zh-Hans",
				"zh-Hant",
				Base,
			);
			mainGroup = F5E47E8729B497A60083BB31;
			packageReferences = (
				F5E47F1A29B721AA0083BB31 /* XCRemoteSwiftPackageReference "swift-eventsource" */,
				F5E47F2429B76BFD0083BB31 /* XCRemoteSwiftPackageReference "swift-markdown-ui" */,
				F5779EE329B8246800CC70B0 /* XCRemoteSwiftPackageReference "Splash" */,
			);
			productRefGroup = F5E47E9129B497A60083BB31 /* Products */;
			projectDirPath = "";
			projectRoot = "";
			targets = (
				F5E47E8F29B497A60083BB31 /* AssisChat */,
				F5E47EA529B497A60083BB31 /* AssisChatTests */,
				F5E47EAF29B497A60083BB31 /* AssisChatUITests */,
			);
		};
/* End PBXProject section */

/* Begin PBXResourcesBuildPhase section */
		F5E47E8E29B497A60083BB31 /* Resources */ = {
			isa = PBXResourcesBuildPhase;
			buildActionMask = 2147483647;
			files = (
				F5E47EA129B497A60083BB31 /* Preview Assets.xcassets in Resources */,
				F5E47F1F29B7562B0083BB31 /* Localizable.strings in Resources */,
				F5E47EFC29B5D2870083BB31 /* .gitignore in Resources */,
				F5E47E9D29B497A60083BB31 /* Assets.xcassets in Resources */,
			);
			runOnlyForDeploymentPostprocessing = 0;
		};
		F5E47EA429B497A60083BB31 /* Resources */ = {
			isa = PBXResourcesBuildPhase;
			buildActionMask = 2147483647;
			files = (
			);
			runOnlyForDeploymentPostprocessing = 0;
		};
		F5E47EAE29B497A60083BB31 /* Resources */ = {
			isa = PBXResourcesBuildPhase;
			buildActionMask = 2147483647;
			files = (
			);
			runOnlyForDeploymentPostprocessing = 0;
		};
/* End PBXResourcesBuildPhase section */

/* Begin PBXSourcesBuildPhase section */
		F5E47E8C29B497A60083BB31 /* Sources */ = {
			isa = PBXSourcesBuildPhase;
			buildActionMask = 2147483647;
			files = (
				F543A92929C46BE8000C61B5 /* SymbolVariantSelector.swift in Sources */,
				F5E47EDB29B49B880083BB31 /* ChatsView.swift in Sources */,
				F5F2947D29C757C8005D63CB /* ProIntroductionView.swift in Sources */,
				F543A92529C44131000C61B5 /* SplashCodeSyntaxHighlighter.swift in Sources */,
				F5E47F0229B6178F0083BB31 /* CopyrightView.swift in Sources */,
				F5C6094529BA366D00862071 /* NewChatView.swift in Sources */,
				F5E47EEC29B4EA0A0083BB31 /* MessageFeature.swift in Sources */,
				F5E47EFA29B5B6470083BB31 /* ChatSourceConfigView.swift in Sources */,
				F543A92729C444AC000C61B5 /* AcknowledgmentView.swift in Sources */,
				F5E47EE729B4E8FB0083BB31 /* ChattingFeature.swift in Sources */,
				F5E47F0729B62BFD0083BB31 /* WelcomeView.swift in Sources */,
				F5E47E9429B497A60083BB31 /* AssisChatApp.swift in Sources */,
				F5E47F0D29B706FF0083BB31 /* ChatEditor.swift in Sources */,
				F5E47EE229B49D0E0083BB31 /* Haptics.swift in Sources */,
				F5E47E9929B497A60083BB31 /* AssisChat.xcdatamodeld in Sources */,
				F5E47ECF29B498290083BB31 /* Color+Extensions.swift in Sources */,
				F5E47EEF29B4F5A80083BB31 /* ChatGPTAdapter.swift in Sources */,
				F5B2554D29B8A56D0008DAA3 /* SelectChatHintView.swift in Sources */,
				F5E47EE929B4E9090083BB31 /* ChattingView.swift in Sources */,
				F5E47EFF29B5D8B80083BB31 /* View+Extensions.swift in Sources */,
				F5E47EF429B5AC380083BB31 /* SettingsView.swift in Sources */,
				F5E47EE429B49DF90083BB31 /* ChatIconSelector.swift in Sources */,
				F5E47F0F29B708D00083BB31 /* EditChatView.swift in Sources */,
				F5E47ECB29B497FB0083BB31 /* Message+CoreDataProperties.swift in Sources */,
				F5E47ECD29B497FB0083BB31 /* Chat+CoreDataProperties.swift in Sources */,
				F5E47E9B29B497A60083BB31 /* ContentView.swift in Sources */,
				F5E47ED329B498550083BB31 /* Notification+Extensions.swift in Sources */,
				F5E47ECC29B497FB0083BB31 /* Chat+CoreDataClass.swift in Sources */,
				F5E47EF229B5A6AB0083BB31 /* SettingsFeature.swift in Sources */,
				F5E47ED929B4990A0083BB31 /* ChatFeature.swift in Sources */,
				F5F2947F29C859BC005D63CB /* ProBadge.swift in Sources */,
				F5E47F0429B617AF0083BB31 /* Bundle+Extensions.swift in Sources */,
				F5E47ED129B4983D0083BB31 /* Dictionary+Extensions.swift in Sources */,
				F5E47ED629B498E20083BB31 /* EssentialFeature.swift in Sources */,
				F543A92D29C53749000C61B5 /* ProFeature.swift in Sources */,
				F5E47E9629B497A60083BB31 /* Persistence.swift in Sources */,
				F5E47EF829B5B2320083BB31 /* TintSelector.swift in Sources */,
				F5E47EDD29B49B9C0083BB31 /* CustomNewChatView.swift in Sources */,
				F5E47EDF29B49CCA0083BB31 /* ColorSelector.swift in Sources */,
				F5E47F0B29B7002D0083BB31 /* ChatDetailView.swift in Sources */,
				F5E47EF629B5B1B10083BB31 /* ColorSchemeSelector.swift in Sources */,
				F5F2947B29C74400005D63CB /* ProBanner.swift in Sources */,
				F5E47ECA29B497FB0083BB31 /* Message+CoreDataClass.swift in Sources */,
			);
			runOnlyForDeploymentPostprocessing = 0;
		};
		F5E47EA229B497A60083BB31 /* Sources */ = {
			isa = PBXSourcesBuildPhase;
			buildActionMask = 2147483647;
			files = (
				F5E47EAB29B497A60083BB31 /* AssisChatTests.swift in Sources */,
			);
			runOnlyForDeploymentPostprocessing = 0;
		};
		F5E47EAC29B497A60083BB31 /* Sources */ = {
			isa = PBXSourcesBuildPhase;
			buildActionMask = 2147483647;
			files = (
				F5E47EB729B497A60083BB31 /* AssisChatUITestsLaunchTests.swift in Sources */,
				F5E47EB529B497A60083BB31 /* AssisChatUITests.swift in Sources */,
			);
			runOnlyForDeploymentPostprocessing = 0;
		};
/* End PBXSourcesBuildPhase section */

/* Begin PBXTargetDependency section */
		F5E47EA829B497A60083BB31 /* PBXTargetDependency */ = {
			isa = PBXTargetDependency;
			target = F5E47E8F29B497A60083BB31 /* AssisChat */;
			targetProxy = F5E47EA729B497A60083BB31 /* PBXContainerItemProxy */;
		};
		F5E47EB229B497A60083BB31 /* PBXTargetDependency */ = {
			isa = PBXTargetDependency;
			target = F5E47E8F29B497A60083BB31 /* AssisChat */;
			targetProxy = F5E47EB129B497A60083BB31 /* PBXContainerItemProxy */;
		};
/* End PBXTargetDependency section */

/* Begin PBXVariantGroup section */
		F5E47F2129B7562B0083BB31 /* Localizable.strings */ = {
			isa = PBXVariantGroup;
			children = (
				F5E47F2029B7562B0083BB31 /* en */,
				F5E47F2229B756300083BB31 /* zh-Hans */,
				F5E47F2329B756310083BB31 /* zh-Hant */,
			);
			name = Localizable.strings;
			sourceTree = "<group>";
		};
/* End PBXVariantGroup section */

/* Begin XCBuildConfiguration section */
		F5E47EB829B497A60083BB31 /* Debug */ = {
			isa = XCBuildConfiguration;
			buildSettings = {
				ALWAYS_SEARCH_USER_PATHS = NO;
				CLANG_ANALYZER_NONNULL = YES;
				CLANG_ANALYZER_NUMBER_OBJECT_CONVERSION = YES_AGGRESSIVE;
				CLANG_CXX_LANGUAGE_STANDARD = "gnu++20";
				CLANG_ENABLE_MODULES = YES;
				CLANG_ENABLE_OBJC_ARC = YES;
				CLANG_ENABLE_OBJC_WEAK = YES;
				CLANG_WARN_BLOCK_CAPTURE_AUTORELEASING = YES;
				CLANG_WARN_BOOL_CONVERSION = YES;
				CLANG_WARN_COMMA = YES;
				CLANG_WARN_CONSTANT_CONVERSION = YES;
				CLANG_WARN_DEPRECATED_OBJC_IMPLEMENTATIONS = YES;
				CLANG_WARN_DIRECT_OBJC_ISA_USAGE = YES_ERROR;
				CLANG_WARN_DOCUMENTATION_COMMENTS = YES;
				CLANG_WARN_EMPTY_BODY = YES;
				CLANG_WARN_ENUM_CONVERSION = YES;
				CLANG_WARN_INFINITE_RECURSION = YES;
				CLANG_WARN_INT_CONVERSION = YES;
				CLANG_WARN_NON_LITERAL_NULL_CONVERSION = YES;
				CLANG_WARN_OBJC_IMPLICIT_RETAIN_SELF = YES;
				CLANG_WARN_OBJC_LITERAL_CONVERSION = YES;
				CLANG_WARN_OBJC_ROOT_CLASS = YES_ERROR;
				CLANG_WARN_QUOTED_INCLUDE_IN_FRAMEWORK_HEADER = YES;
				CLANG_WARN_RANGE_LOOP_ANALYSIS = YES;
				CLANG_WARN_STRICT_PROTOTYPES = YES;
				CLANG_WARN_SUSPICIOUS_MOVE = YES;
				CLANG_WARN_UNGUARDED_AVAILABILITY = YES_AGGRESSIVE;
				CLANG_WARN_UNREACHABLE_CODE = YES;
				CLANG_WARN__DUPLICATE_METHOD_MATCH = YES;
				COPY_PHASE_STRIP = NO;
				DEBUG_INFORMATION_FORMAT = dwarf;
				ENABLE_STRICT_OBJC_MSGSEND = YES;
				ENABLE_TESTABILITY = YES;
				GCC_C_LANGUAGE_STANDARD = gnu11;
				GCC_DYNAMIC_NO_PIC = NO;
				GCC_NO_COMMON_BLOCKS = YES;
				GCC_OPTIMIZATION_LEVEL = 0;
				GCC_PREPROCESSOR_DEFINITIONS = (
					"DEBUG=1",
					"$(inherited)",
				);
				GCC_WARN_64_TO_32_BIT_CONVERSION = YES;
				GCC_WARN_ABOUT_RETURN_TYPE = YES_ERROR;
				GCC_WARN_UNDECLARED_SELECTOR = YES;
				GCC_WARN_UNINITIALIZED_AUTOS = YES_AGGRESSIVE;
				GCC_WARN_UNUSED_FUNCTION = YES;
				GCC_WARN_UNUSED_VARIABLE = YES;
				MTL_ENABLE_DEBUG_INFO = INCLUDE_SOURCE;
				MTL_FAST_MATH = YES;
				ONLY_ACTIVE_ARCH = YES;
				SWIFT_ACTIVE_COMPILATION_CONDITIONS = DEBUG;
				SWIFT_EMIT_LOC_STRINGS = NO;
				SWIFT_OPTIMIZATION_LEVEL = "-Onone";
			};
			name = Debug;
		};
		F5E47EB929B497A60083BB31 /* Release */ = {
			isa = XCBuildConfiguration;
			buildSettings = {
				ALWAYS_SEARCH_USER_PATHS = NO;
				CLANG_ANALYZER_NONNULL = YES;
				CLANG_ANALYZER_NUMBER_OBJECT_CONVERSION = YES_AGGRESSIVE;
				CLANG_CXX_LANGUAGE_STANDARD = "gnu++20";
				CLANG_ENABLE_MODULES = YES;
				CLANG_ENABLE_OBJC_ARC = YES;
				CLANG_ENABLE_OBJC_WEAK = YES;
				CLANG_WARN_BLOCK_CAPTURE_AUTORELEASING = YES;
				CLANG_WARN_BOOL_CONVERSION = YES;
				CLANG_WARN_COMMA = YES;
				CLANG_WARN_CONSTANT_CONVERSION = YES;
				CLANG_WARN_DEPRECATED_OBJC_IMPLEMENTATIONS = YES;
				CLANG_WARN_DIRECT_OBJC_ISA_USAGE = YES_ERROR;
				CLANG_WARN_DOCUMENTATION_COMMENTS = YES;
				CLANG_WARN_EMPTY_BODY = YES;
				CLANG_WARN_ENUM_CONVERSION = YES;
				CLANG_WARN_INFINITE_RECURSION = YES;
				CLANG_WARN_INT_CONVERSION = YES;
				CLANG_WARN_NON_LITERAL_NULL_CONVERSION = YES;
				CLANG_WARN_OBJC_IMPLICIT_RETAIN_SELF = YES;
				CLANG_WARN_OBJC_LITERAL_CONVERSION = YES;
				CLANG_WARN_OBJC_ROOT_CLASS = YES_ERROR;
				CLANG_WARN_QUOTED_INCLUDE_IN_FRAMEWORK_HEADER = YES;
				CLANG_WARN_RANGE_LOOP_ANALYSIS = YES;
				CLANG_WARN_STRICT_PROTOTYPES = YES;
				CLANG_WARN_SUSPICIOUS_MOVE = YES;
				CLANG_WARN_UNGUARDED_AVAILABILITY = YES_AGGRESSIVE;
				CLANG_WARN_UNREACHABLE_CODE = YES;
				CLANG_WARN__DUPLICATE_METHOD_MATCH = YES;
				COPY_PHASE_STRIP = NO;
				DEBUG_INFORMATION_FORMAT = "dwarf-with-dsym";
				ENABLE_NS_ASSERTIONS = NO;
				ENABLE_STRICT_OBJC_MSGSEND = YES;
				GCC_C_LANGUAGE_STANDARD = gnu11;
				GCC_NO_COMMON_BLOCKS = YES;
				GCC_WARN_64_TO_32_BIT_CONVERSION = YES;
				GCC_WARN_ABOUT_RETURN_TYPE = YES_ERROR;
				GCC_WARN_UNDECLARED_SELECTOR = YES;
				GCC_WARN_UNINITIALIZED_AUTOS = YES_AGGRESSIVE;
				GCC_WARN_UNUSED_FUNCTION = YES;
				GCC_WARN_UNUSED_VARIABLE = YES;
				MTL_ENABLE_DEBUG_INFO = NO;
				MTL_FAST_MATH = YES;
				SWIFT_COMPILATION_MODE = wholemodule;
				SWIFT_EMIT_LOC_STRINGS = NO;
				SWIFT_OPTIMIZATION_LEVEL = "-O";
			};
			name = Release;
		};
		F5E47EBB29B497A60083BB31 /* Debug */ = {
			isa = XCBuildConfiguration;
			buildSettings = {
				ASSETCATALOG_COMPILER_APPICON_NAME = AppIcon;
				ASSETCATALOG_COMPILER_GLOBAL_ACCENT_COLOR_NAME = AccentColor;
				CODE_SIGN_ENTITLEMENTS = AssisChat/AssisChat.entitlements;
				CODE_SIGN_STYLE = Automatic;
				CURRENT_PROJECT_VERSION = 1;
				DEVELOPMENT_ASSET_PATHS = "\"AssisChat/Preview Content\"";
				DEVELOPMENT_TEAM = WFH889Q789;
				ENABLE_HARDENED_RUNTIME = YES;
				ENABLE_PREVIEWS = YES;
				GENERATE_INFOPLIST_FILE = YES;
				INFOPLIST_FILE = AssisChat/Info.plist;
				INFOPLIST_KEY_LSApplicationCategoryType = "public.app-category.reference";
				"INFOPLIST_KEY_UIApplicationSceneManifest_Generation[sdk=iphoneos*]" = YES;
				"INFOPLIST_KEY_UIApplicationSceneManifest_Generation[sdk=iphonesimulator*]" = YES;
				"INFOPLIST_KEY_UIApplicationSupportsIndirectInputEvents[sdk=iphoneos*]" = YES;
				"INFOPLIST_KEY_UIApplicationSupportsIndirectInputEvents[sdk=iphonesimulator*]" = YES;
				"INFOPLIST_KEY_UILaunchScreen_Generation[sdk=iphoneos*]" = YES;
				"INFOPLIST_KEY_UILaunchScreen_Generation[sdk=iphonesimulator*]" = YES;
				"INFOPLIST_KEY_UIStatusBarStyle[sdk=iphoneos*]" = UIStatusBarStyleDefault;
				"INFOPLIST_KEY_UIStatusBarStyle[sdk=iphonesimulator*]" = UIStatusBarStyleDefault;
				INFOPLIST_KEY_UISupportedInterfaceOrientations = UIInterfaceOrientationPortrait;
				INFOPLIST_KEY_UISupportedInterfaceOrientations_iPad = "UIInterfaceOrientationLandscapeLeft UIInterfaceOrientationLandscapeRight UIInterfaceOrientationPortrait UIInterfaceOrientationPortraitUpsideDown";
				IPHONEOS_DEPLOYMENT_TARGET = 15.0;
				LD_RUNPATH_SEARCH_PATHS = "@executable_path/Frameworks";
				"LD_RUNPATH_SEARCH_PATHS[sdk=macosx*]" = "@executable_path/../Frameworks";
				MACOSX_DEPLOYMENT_TARGET = 13.0;
				MARKETING_VERSION = 1.1;
				PRODUCT_BUNDLE_IDENTIFIER = com.noobnooc.AssisChat;
				PRODUCT_NAME = "$(TARGET_NAME)";
				SDKROOT = auto;
				SUPPORTED_PLATFORMS = "iphoneos iphonesimulator macosx";
				SUPPORTS_MACCATALYST = NO;
				SUPPORTS_MAC_DESIGNED_FOR_IPHONE_IPAD = NO;
				SWIFT_EMIT_LOC_STRINGS = YES;
				SWIFT_VERSION = 5.0;
				TARGETED_DEVICE_FAMILY = "1,2";
			};
			name = Debug;
		};
		F5E47EBC29B497A60083BB31 /* Release */ = {
			isa = XCBuildConfiguration;
			buildSettings = {
				ASSETCATALOG_COMPILER_APPICON_NAME = AppIcon;
				ASSETCATALOG_COMPILER_GLOBAL_ACCENT_COLOR_NAME = AccentColor;
				CODE_SIGN_ENTITLEMENTS = AssisChat/AssisChat.entitlements;
				CODE_SIGN_STYLE = Automatic;
				CURRENT_PROJECT_VERSION = 1;
				DEVELOPMENT_ASSET_PATHS = "\"AssisChat/Preview Content\"";
				DEVELOPMENT_TEAM = WFH889Q789;
				ENABLE_HARDENED_RUNTIME = YES;
				ENABLE_PREVIEWS = YES;
				GENERATE_INFOPLIST_FILE = YES;
				INFOPLIST_FILE = AssisChat/Info.plist;
				INFOPLIST_KEY_LSApplicationCategoryType = "public.app-category.reference";
				"INFOPLIST_KEY_UIApplicationSceneManifest_Generation[sdk=iphoneos*]" = YES;
				"INFOPLIST_KEY_UIApplicationSceneManifest_Generation[sdk=iphonesimulator*]" = YES;
				"INFOPLIST_KEY_UIApplicationSupportsIndirectInputEvents[sdk=iphoneos*]" = YES;
				"INFOPLIST_KEY_UIApplicationSupportsIndirectInputEvents[sdk=iphonesimulator*]" = YES;
				"INFOPLIST_KEY_UILaunchScreen_Generation[sdk=iphoneos*]" = YES;
				"INFOPLIST_KEY_UILaunchScreen_Generation[sdk=iphonesimulator*]" = YES;
				"INFOPLIST_KEY_UIStatusBarStyle[sdk=iphoneos*]" = UIStatusBarStyleDefault;
				"INFOPLIST_KEY_UIStatusBarStyle[sdk=iphonesimulator*]" = UIStatusBarStyleDefault;
				INFOPLIST_KEY_UISupportedInterfaceOrientations = UIInterfaceOrientationPortrait;
				INFOPLIST_KEY_UISupportedInterfaceOrientations_iPad = "UIInterfaceOrientationLandscapeLeft UIInterfaceOrientationLandscapeRight UIInterfaceOrientationPortrait UIInterfaceOrientationPortraitUpsideDown";
				IPHONEOS_DEPLOYMENT_TARGET = 15.0;
				LD_RUNPATH_SEARCH_PATHS = "@executable_path/Frameworks";
				"LD_RUNPATH_SEARCH_PATHS[sdk=macosx*]" = "@executable_path/../Frameworks";
				MACOSX_DEPLOYMENT_TARGET = 13.0;
				MARKETING_VERSION = 1.1;
				PRODUCT_BUNDLE_IDENTIFIER = com.noobnooc.AssisChat;
				PRODUCT_NAME = "$(TARGET_NAME)";
				SDKROOT = auto;
				SUPPORTED_PLATFORMS = "iphoneos iphonesimulator macosx";
				SUPPORTS_MACCATALYST = NO;
				SUPPORTS_MAC_DESIGNED_FOR_IPHONE_IPAD = NO;
				SWIFT_EMIT_LOC_STRINGS = YES;
				SWIFT_VERSION = 5.0;
				TARGETED_DEVICE_FAMILY = "1,2";
			};
			name = Release;
		};
		F5E47EBE29B497A60083BB31 /* Debug */ = {
			isa = XCBuildConfiguration;
			buildSettings = {
				ALWAYS_EMBED_SWIFT_STANDARD_LIBRARIES = YES;
				BUNDLE_LOADER = "$(TEST_HOST)";
				CODE_SIGN_STYLE = Automatic;
				CURRENT_PROJECT_VERSION = 1;
				DEVELOPMENT_TEAM = WFH889Q789;
				GENERATE_INFOPLIST_FILE = YES;
				IPHONEOS_DEPLOYMENT_TARGET = 16.2;
				MACOSX_DEPLOYMENT_TARGET = 13.1;
				MARKETING_VERSION = 1.0;
				PRODUCT_BUNDLE_IDENTIFIER = com.example.nooc.AssisChatTests;
				PRODUCT_NAME = "$(TARGET_NAME)";
				SDKROOT = auto;
				SUPPORTED_PLATFORMS = "iphoneos iphonesimulator macosx";
				SWIFT_EMIT_LOC_STRINGS = NO;
				SWIFT_VERSION = 5.0;
				TARGETED_DEVICE_FAMILY = "1,2";
				TEST_HOST = "$(BUILT_PRODUCTS_DIR)/AssisChat.app/$(BUNDLE_EXECUTABLE_FOLDER_PATH)/AssisChat";
			};
			name = Debug;
		};
		F5E47EBF29B497A60083BB31 /* Release */ = {
			isa = XCBuildConfiguration;
			buildSettings = {
				ALWAYS_EMBED_SWIFT_STANDARD_LIBRARIES = YES;
				BUNDLE_LOADER = "$(TEST_HOST)";
				CODE_SIGN_STYLE = Automatic;
				CURRENT_PROJECT_VERSION = 1;
				DEVELOPMENT_TEAM = WFH889Q789;
				GENERATE_INFOPLIST_FILE = YES;
				IPHONEOS_DEPLOYMENT_TARGET = 16.2;
				MACOSX_DEPLOYMENT_TARGET = 13.1;
				MARKETING_VERSION = 1.0;
				PRODUCT_BUNDLE_IDENTIFIER = com.example.nooc.AssisChatTests;
				PRODUCT_NAME = "$(TARGET_NAME)";
				SDKROOT = auto;
				SUPPORTED_PLATFORMS = "iphoneos iphonesimulator macosx";
				SWIFT_EMIT_LOC_STRINGS = NO;
				SWIFT_VERSION = 5.0;
				TARGETED_DEVICE_FAMILY = "1,2";
				TEST_HOST = "$(BUILT_PRODUCTS_DIR)/AssisChat.app/$(BUNDLE_EXECUTABLE_FOLDER_PATH)/AssisChat";
			};
			name = Release;
		};
		F5E47EC129B497A60083BB31 /* Debug */ = {
			isa = XCBuildConfiguration;
			buildSettings = {
				ALWAYS_EMBED_SWIFT_STANDARD_LIBRARIES = YES;
				CODE_SIGN_STYLE = Automatic;
				CURRENT_PROJECT_VERSION = 1;
				DEVELOPMENT_TEAM = WFH889Q789;
				GENERATE_INFOPLIST_FILE = YES;
				IPHONEOS_DEPLOYMENT_TARGET = 16.2;
				MACOSX_DEPLOYMENT_TARGET = 13.1;
				MARKETING_VERSION = 1.0;
				PRODUCT_BUNDLE_IDENTIFIER = com.example.nooc.AssisChatUITests;
				PRODUCT_NAME = "$(TARGET_NAME)";
				SDKROOT = auto;
				SUPPORTED_PLATFORMS = "iphoneos iphonesimulator macosx";
				SWIFT_EMIT_LOC_STRINGS = NO;
				SWIFT_VERSION = 5.0;
				TARGETED_DEVICE_FAMILY = "1,2";
				TEST_TARGET_NAME = AssisChat;
			};
			name = Debug;
		};
		F5E47EC229B497A60083BB31 /* Release */ = {
			isa = XCBuildConfiguration;
			buildSettings = {
				ALWAYS_EMBED_SWIFT_STANDARD_LIBRARIES = YES;
				CODE_SIGN_STYLE = Automatic;
				CURRENT_PROJECT_VERSION = 1;
				DEVELOPMENT_TEAM = WFH889Q789;
				GENERATE_INFOPLIST_FILE = YES;
				IPHONEOS_DEPLOYMENT_TARGET = 16.2;
				MACOSX_DEPLOYMENT_TARGET = 13.1;
				MARKETING_VERSION = 1.0;
				PRODUCT_BUNDLE_IDENTIFIER = com.example.nooc.AssisChatUITests;
				PRODUCT_NAME = "$(TARGET_NAME)";
				SDKROOT = auto;
				SUPPORTED_PLATFORMS = "iphoneos iphonesimulator macosx";
				SWIFT_EMIT_LOC_STRINGS = NO;
				SWIFT_VERSION = 5.0;
				TARGETED_DEVICE_FAMILY = "1,2";
				TEST_TARGET_NAME = AssisChat;
			};
			name = Release;
		};
/* End XCBuildConfiguration section */

/* Begin XCConfigurationList section */
		F5E47E8B29B497A60083BB31 /* Build configuration list for PBXProject "AssisChat" */ = {
			isa = XCConfigurationList;
			buildConfigurations = (
				F5E47EB829B497A60083BB31 /* Debug */,
				F5E47EB929B497A60083BB31 /* Release */,
			);
			defaultConfigurationIsVisible = 0;
			defaultConfigurationName = Release;
		};
		F5E47EBA29B497A60083BB31 /* Build configuration list for PBXNativeTarget "AssisChat" */ = {
			isa = XCConfigurationList;
			buildConfigurations = (
				F5E47EBB29B497A60083BB31 /* Debug */,
				F5E47EBC29B497A60083BB31 /* Release */,
			);
			defaultConfigurationIsVisible = 0;
			defaultConfigurationName = Release;
		};
		F5E47EBD29B497A60083BB31 /* Build configuration list for PBXNativeTarget "AssisChatTests" */ = {
			isa = XCConfigurationList;
			buildConfigurations = (
				F5E47EBE29B497A60083BB31 /* Debug */,
				F5E47EBF29B497A60083BB31 /* Release */,
			);
			defaultConfigurationIsVisible = 0;
			defaultConfigurationName = Release;
		};
		F5E47EC029B497A60083BB31 /* Build configuration list for PBXNativeTarget "AssisChatUITests" */ = {
			isa = XCConfigurationList;
			buildConfigurations = (
				F5E47EC129B497A60083BB31 /* Debug */,
				F5E47EC229B497A60083BB31 /* Release */,
			);
			defaultConfigurationIsVisible = 0;
			defaultConfigurationName = Release;
		};
/* End XCConfigurationList section */

/* Begin XCRemoteSwiftPackageReference section */
		F5779EE329B8246800CC70B0 /* XCRemoteSwiftPackageReference "Splash" */ = {
			isa = XCRemoteSwiftPackageReference;
			repositoryURL = "https://github.com/JohnSundell/Splash";
			requirement = {
				kind = upToNextMajorVersion;
				minimumVersion = 0.9.0;
			};
		};
		F5E47F1A29B721AA0083BB31 /* XCRemoteSwiftPackageReference "swift-eventsource" */ = {
			isa = XCRemoteSwiftPackageReference;
			repositoryURL = "https://github.com/LaunchDarkly/swift-eventsource";
			requirement = {
				kind = upToNextMajorVersion;
				minimumVersion = 3.0.0;
			};
		};
		F5E47F2429B76BFD0083BB31 /* XCRemoteSwiftPackageReference "swift-markdown-ui" */ = {
			isa = XCRemoteSwiftPackageReference;
			repositoryURL = "https://github.com/gonzalezreal/swift-markdown-ui#getting-started";
			requirement = {
				kind = upToNextMajorVersion;
				minimumVersion = 2.0.0;
			};
		};
/* End XCRemoteSwiftPackageReference section */

/* Begin XCSwiftPackageProductDependency section */
		F5779EE429B8246800CC70B0 /* Splash */ = {
			isa = XCSwiftPackageProductDependency;
			package = F5779EE329B8246800CC70B0 /* XCRemoteSwiftPackageReference "Splash" */;
			productName = Splash;
		};
		F5E47F1B29B721AA0083BB31 /* LDSwiftEventSource */ = {
			isa = XCSwiftPackageProductDependency;
			package = F5E47F1A29B721AA0083BB31 /* XCRemoteSwiftPackageReference "swift-eventsource" */;
			productName = LDSwiftEventSource;
		};
		F5E47F2529B76BFD0083BB31 /* MarkdownUI */ = {
			isa = XCSwiftPackageProductDependency;
			package = F5E47F2429B76BFD0083BB31 /* XCRemoteSwiftPackageReference "swift-markdown-ui" */;
			productName = MarkdownUI;
		};
/* End XCSwiftPackageProductDependency section */

/* Begin XCVersionGroup section */
		F5E47E9729B497A60083BB31 /* AssisChat.xcdatamodeld */ = {
			isa = XCVersionGroup;
			children = (
				F5E47E9829B497A60083BB31 /* AssisChat.xcdatamodel */,
			);
			currentVersion = F5E47E9829B497A60083BB31 /* AssisChat.xcdatamodel */;
			path = AssisChat.xcdatamodeld;
			sourceTree = "<group>";
			versionGroupType = wrapper.xcdatamodel;
		};
/* End XCVersionGroup section */
	};
	rootObject = F5E47E8829B497A60083BB31 /* Project object */;
}
